
Microsoft Visual Studio Solution File, Format Version 12.00
# Visual Studio 15
VisualStudioVersion = 15.0.26403.7
MinimumVisualStudioVersion = 10.0.40219.1
Project("{2150E333-8FDC-42A3-9474-1A3956D46DE8}") = "Test", "Test", "{B3106721-F7FA-44F4-8FCC-71125BF7D264}"
EndProject
Project("{FAE04EC0-301F-11D3-BF4B-00C04F79EFBC}") = "Mojio.Platform.SDK.Bot", "Mojio.Platform.SDK.Bot\Mojio.Platform.SDK.Bot.csproj", "{913DC479-ED3F-4E17-948C-5EE6A09A23AC}"
EndProject
Project("{FAE04EC0-301F-11D3-BF4B-00C04F79EFBC}") = "Mojio.Platform.SDK.CLI", "Mojio.Platform.SDK.CLI\Mojio.Platform.SDK.CLI.csproj", "{5C1955A7-6298-4A46-95D0-26E1194AF8C0}"
EndProject
Project("{FAE04EC0-301F-11D3-BF4B-00C04F79EFBC}") = "Mojio.Platform.SDK.DI", "Mojio.Platform.SDK.DI\Mojio.Platform.SDK.DI.csproj", "{2E33B059-A282-4F6A-B0F8-B10CF8E53D31}"
EndProject
Project("{FAE04EC0-301F-11D3-BF4B-00C04F79EFBC}") = "Mojio.Platform.SDK.Contracts", "Mojio.Platform.SDK.Contracts\Mojio.Platform.SDK.Contracts.csproj", "{226EFC5B-DA13-4AC7-910E-1AF289E6CDCD}"
EndProject
Project("{FAE04EC0-301F-11D3-BF4B-00C04F79EFBC}") = "Mojio.Platform.SDK.Live", "Mojio.Platform.SDK.Live\Mojio.Platform.SDK.Live.csproj", "{C54D8A51-B6C3-4E96-8012-928F45A2C90F}"
EndProject
Project("{FAE04EC0-301F-11D3-BF4B-00C04F79EFBC}") = "Mojio.Platform.SDK.Live.WebSocket", "Mojio.Platform.SDK.Live.WebSocket\Mojio.Platform.SDK.Live.WebSocket.csproj", "{37D2BFFD-556D-4110-A1F6-A7803501F408}"
EndProject
Project("{FAE04EC0-301F-11D3-BF4B-00C04F79EFBC}") = "Mojio.Platform.SDK.SimpleClient", "Mojio.Platform.SDK.SimpleClient\Mojio.Platform.SDK.SimpleClient.csproj", "{B6016ABB-5C8D-4C02-B356-79314374EBC6}"
EndProject
Project("{FAE04EC0-301F-11D3-BF4B-00C04F79EFBC}") = "Mojio.Platform.SDK", "Mojio.Platform.SDK\Mojio.Platform.SDK.csproj", "{6BA9F412-EDB6-494C-99FD-603357572E51}"
EndProject
Project("{FAE04EC0-301F-11D3-BF4B-00C04F79EFBC}") = "Mojio.Platform.SDK.Test", "Mojio.Platform.SDK.Test\Mojio.Platform.SDK.Test.csproj", "{2ADD05D9-B775-4EC2-B315-DE53350E7702}"
EndProject
Global
	GlobalSection(SolutionConfigurationPlatforms) = preSolution
		Ad-Hoc|Any CPU = Ad-Hoc|Any CPU
		Ad-Hoc|ARM = Ad-Hoc|ARM
		Ad-Hoc|iPhone = Ad-Hoc|iPhone
		Ad-Hoc|iPhoneSimulator = Ad-Hoc|iPhoneSimulator
		Ad-Hoc|x64 = Ad-Hoc|x64
		Ad-Hoc|x86 = Ad-Hoc|x86
		AppStore|Any CPU = AppStore|Any CPU
		AppStore|ARM = AppStore|ARM
		AppStore|iPhone = AppStore|iPhone
		AppStore|iPhoneSimulator = AppStore|iPhoneSimulator
		AppStore|x64 = AppStore|x64
		AppStore|x86 = AppStore|x86
		Debug|Any CPU = Debug|Any CPU
		Debug|ARM = Debug|ARM
		Debug|iPhone = Debug|iPhone
		Debug|iPhoneSimulator = Debug|iPhoneSimulator
		Debug|x64 = Debug|x64
		Debug|x86 = Debug|x86
		PCL|Any CPU = PCL|Any CPU
		PCL|ARM = PCL|ARM
		PCL|iPhone = PCL|iPhone
		PCL|iPhoneSimulator = PCL|iPhoneSimulator
		PCL|x64 = PCL|x64
		PCL|x86 = PCL|x86
		Release|Any CPU = Release|Any CPU
		Release|ARM = Release|ARM
		Release|iPhone = Release|iPhone
		Release|iPhoneSimulator = Release|iPhoneSimulator
		Release|x64 = Release|x64
		Release|x86 = Release|x86
	EndGlobalSection
	GlobalSection(ProjectConfigurationPlatforms) = postSolution
		{913DC479-ED3F-4E17-948C-5EE6A09A23AC}.Ad-Hoc|Any CPU.ActiveCfg = Debug|Any CPU
		{913DC479-ED3F-4E17-948C-5EE6A09A23AC}.Ad-Hoc|Any CPU.Build.0 = Debug|Any CPU
		{913DC479-ED3F-4E17-948C-5EE6A09A23AC}.Ad-Hoc|ARM.ActiveCfg = Debug|Any CPU
		{913DC479-ED3F-4E17-948C-5EE6A09A23AC}.Ad-Hoc|ARM.Build.0 = Debug|Any CPU
		{913DC479-ED3F-4E17-948C-5EE6A09A23AC}.Ad-Hoc|iPhone.ActiveCfg = Debug|Any CPU
		{913DC479-ED3F-4E17-948C-5EE6A09A23AC}.Ad-Hoc|iPhone.Build.0 = Debug|Any CPU
		{913DC479-ED3F-4E17-948C-5EE6A09A23AC}.Ad-Hoc|iPhoneSimulator.ActiveCfg = Debug|Any CPU
		{913DC479-ED3F-4E17-948C-5EE6A09A23AC}.Ad-Hoc|iPhoneSimulator.Build.0 = Debug|Any CPU
		{913DC479-ED3F-4E17-948C-5EE6A09A23AC}.Ad-Hoc|x64.ActiveCfg = Debug|Any CPU
		{913DC479-ED3F-4E17-948C-5EE6A09A23AC}.Ad-Hoc|x64.Build.0 = Debug|Any CPU
		{913DC479-ED3F-4E17-948C-5EE6A09A23AC}.Ad-Hoc|x86.ActiveCfg = Debug|Any CPU
		{913DC479-ED3F-4E17-948C-5EE6A09A23AC}.Ad-Hoc|x86.Build.0 = Debug|Any CPU
		{913DC479-ED3F-4E17-948C-5EE6A09A23AC}.AppStore|Any CPU.ActiveCfg = Debug|Any CPU
		{913DC479-ED3F-4E17-948C-5EE6A09A23AC}.AppStore|Any CPU.Build.0 = Debug|Any CPU
		{913DC479-ED3F-4E17-948C-5EE6A09A23AC}.AppStore|ARM.ActiveCfg = Debug|Any CPU
		{913DC479-ED3F-4E17-948C-5EE6A09A23AC}.AppStore|ARM.Build.0 = Debug|Any CPU
		{913DC479-ED3F-4E17-948C-5EE6A09A23AC}.AppStore|iPhone.ActiveCfg = Debug|Any CPU
		{913DC479-ED3F-4E17-948C-5EE6A09A23AC}.AppStore|iPhone.Build.0 = Debug|Any CPU
		{913DC479-ED3F-4E17-948C-5EE6A09A23AC}.AppStore|iPhoneSimulator.ActiveCfg = Debug|Any CPU
		{913DC479-ED3F-4E17-948C-5EE6A09A23AC}.AppStore|iPhoneSimulator.Build.0 = Debug|Any CPU
		{913DC479-ED3F-4E17-948C-5EE6A09A23AC}.AppStore|x64.ActiveCfg = Debug|Any CPU
		{913DC479-ED3F-4E17-948C-5EE6A09A23AC}.AppStore|x64.Build.0 = Debug|Any CPU
		{913DC479-ED3F-4E17-948C-5EE6A09A23AC}.AppStore|x86.ActiveCfg = Debug|Any CPU
		{913DC479-ED3F-4E17-948C-5EE6A09A23AC}.AppStore|x86.Build.0 = Debug|Any CPU
		{913DC479-ED3F-4E17-948C-5EE6A09A23AC}.Debug|Any CPU.ActiveCfg = Debug|Any CPU
		{913DC479-ED3F-4E17-948C-5EE6A09A23AC}.Debug|Any CPU.Build.0 = Debug|Any CPU
		{913DC479-ED3F-4E17-948C-5EE6A09A23AC}.Debug|ARM.ActiveCfg = Debug|Any CPU
		{913DC479-ED3F-4E17-948C-5EE6A09A23AC}.Debug|ARM.Build.0 = Debug|Any CPU
		{913DC479-ED3F-4E17-948C-5EE6A09A23AC}.Debug|iPhone.ActiveCfg = Debug|Any CPU
		{913DC479-ED3F-4E17-948C-5EE6A09A23AC}.Debug|iPhone.Build.0 = Debug|Any CPU
		{913DC479-ED3F-4E17-948C-5EE6A09A23AC}.Debug|iPhoneSimulator.ActiveCfg = Debug|Any CPU
		{913DC479-ED3F-4E17-948C-5EE6A09A23AC}.Debug|iPhoneSimulator.Build.0 = Debug|Any CPU
		{913DC479-ED3F-4E17-948C-5EE6A09A23AC}.Debug|x64.ActiveCfg = Debug|Any CPU
		{913DC479-ED3F-4E17-948C-5EE6A09A23AC}.Debug|x64.Build.0 = Debug|Any CPU
		{913DC479-ED3F-4E17-948C-5EE6A09A23AC}.Debug|x86.ActiveCfg = Debug|Any CPU
		{913DC479-ED3F-4E17-948C-5EE6A09A23AC}.Debug|x86.Build.0 = Debug|Any CPU
		{913DC479-ED3F-4E17-948C-5EE6A09A23AC}.PCL|Any CPU.ActiveCfg = Debug|Any CPU
		{913DC479-ED3F-4E17-948C-5EE6A09A23AC}.PCL|Any CPU.Build.0 = Debug|Any CPU
		{913DC479-ED3F-4E17-948C-5EE6A09A23AC}.PCL|ARM.ActiveCfg = Debug|Any CPU
		{913DC479-ED3F-4E17-948C-5EE6A09A23AC}.PCL|ARM.Build.0 = Debug|Any CPU
		{913DC479-ED3F-4E17-948C-5EE6A09A23AC}.PCL|iPhone.ActiveCfg = Debug|Any CPU
		{913DC479-ED3F-4E17-948C-5EE6A09A23AC}.PCL|iPhone.Build.0 = Debug|Any CPU
		{913DC479-ED3F-4E17-948C-5EE6A09A23AC}.PCL|iPhoneSimulator.ActiveCfg = Debug|Any CPU
		{913DC479-ED3F-4E17-948C-5EE6A09A23AC}.PCL|iPhoneSimulator.Build.0 = Debug|Any CPU
		{913DC479-ED3F-4E17-948C-5EE6A09A23AC}.PCL|x64.ActiveCfg = Debug|Any CPU
		{913DC479-ED3F-4E17-948C-5EE6A09A23AC}.PCL|x64.Build.0 = Debug|Any CPU
		{913DC479-ED3F-4E17-948C-5EE6A09A23AC}.PCL|x86.ActiveCfg = Debug|Any CPU
		{913DC479-ED3F-4E17-948C-5EE6A09A23AC}.PCL|x86.Build.0 = Debug|Any CPU
		{913DC479-ED3F-4E17-948C-5EE6A09A23AC}.Release|Any CPU.ActiveCfg = Release|Any CPU
		{913DC479-ED3F-4E17-948C-5EE6A09A23AC}.Release|Any CPU.Build.0 = Release|Any CPU
		{913DC479-ED3F-4E17-948C-5EE6A09A23AC}.Release|ARM.ActiveCfg = Release|Any CPU
		{913DC479-ED3F-4E17-948C-5EE6A09A23AC}.Release|ARM.Build.0 = Release|Any CPU
		{913DC479-ED3F-4E17-948C-5EE6A09A23AC}.Release|iPhone.ActiveCfg = Release|Any CPU
		{913DC479-ED3F-4E17-948C-5EE6A09A23AC}.Release|iPhone.Build.0 = Release|Any CPU
		{913DC479-ED3F-4E17-948C-5EE6A09A23AC}.Release|iPhoneSimulator.ActiveCfg = Release|Any CPU
		{913DC479-ED3F-4E17-948C-5EE6A09A23AC}.Release|iPhoneSimulator.Build.0 = Release|Any CPU
		{913DC479-ED3F-4E17-948C-5EE6A09A23AC}.Release|x64.ActiveCfg = Release|Any CPU
		{913DC479-ED3F-4E17-948C-5EE6A09A23AC}.Release|x64.Build.0 = Release|Any CPU
		{913DC479-ED3F-4E17-948C-5EE6A09A23AC}.Release|x86.ActiveCfg = Release|Any CPU
		{913DC479-ED3F-4E17-948C-5EE6A09A23AC}.Release|x86.Build.0 = Release|Any CPU
		{5C1955A7-6298-4A46-95D0-26E1194AF8C0}.Ad-Hoc|Any CPU.ActiveCfg = Debug|Any CPU
		{5C1955A7-6298-4A46-95D0-26E1194AF8C0}.Ad-Hoc|Any CPU.Build.0 = Debug|Any CPU
		{5C1955A7-6298-4A46-95D0-26E1194AF8C0}.Ad-Hoc|ARM.ActiveCfg = Debug|Any CPU
		{5C1955A7-6298-4A46-95D0-26E1194AF8C0}.Ad-Hoc|ARM.Build.0 = Debug|Any CPU
		{5C1955A7-6298-4A46-95D0-26E1194AF8C0}.Ad-Hoc|iPhone.ActiveCfg = Debug|Any CPU
		{5C1955A7-6298-4A46-95D0-26E1194AF8C0}.Ad-Hoc|iPhone.Build.0 = Debug|Any CPU
		{5C1955A7-6298-4A46-95D0-26E1194AF8C0}.Ad-Hoc|iPhoneSimulator.ActiveCfg = Debug|Any CPU
		{5C1955A7-6298-4A46-95D0-26E1194AF8C0}.Ad-Hoc|iPhoneSimulator.Build.0 = Debug|Any CPU
		{5C1955A7-6298-4A46-95D0-26E1194AF8C0}.Ad-Hoc|x64.ActiveCfg = Debug|Any CPU
		{5C1955A7-6298-4A46-95D0-26E1194AF8C0}.Ad-Hoc|x64.Build.0 = Debug|Any CPU
		{5C1955A7-6298-4A46-95D0-26E1194AF8C0}.Ad-Hoc|x86.ActiveCfg = Debug|Any CPU
		{5C1955A7-6298-4A46-95D0-26E1194AF8C0}.Ad-Hoc|x86.Build.0 = Debug|Any CPU
		{5C1955A7-6298-4A46-95D0-26E1194AF8C0}.AppStore|Any CPU.ActiveCfg = Debug|Any CPU
		{5C1955A7-6298-4A46-95D0-26E1194AF8C0}.AppStore|Any CPU.Build.0 = Debug|Any CPU
		{5C1955A7-6298-4A46-95D0-26E1194AF8C0}.AppStore|ARM.ActiveCfg = Debug|Any CPU
		{5C1955A7-6298-4A46-95D0-26E1194AF8C0}.AppStore|ARM.Build.0 = Debug|Any CPU
		{5C1955A7-6298-4A46-95D0-26E1194AF8C0}.AppStore|iPhone.ActiveCfg = Debug|Any CPU
		{5C1955A7-6298-4A46-95D0-26E1194AF8C0}.AppStore|iPhone.Build.0 = Debug|Any CPU
		{5C1955A7-6298-4A46-95D0-26E1194AF8C0}.AppStore|iPhoneSimulator.ActiveCfg = Debug|Any CPU
		{5C1955A7-6298-4A46-95D0-26E1194AF8C0}.AppStore|iPhoneSimulator.Build.0 = Debug|Any CPU
		{5C1955A7-6298-4A46-95D0-26E1194AF8C0}.AppStore|x64.ActiveCfg = Debug|Any CPU
		{5C1955A7-6298-4A46-95D0-26E1194AF8C0}.AppStore|x64.Build.0 = Debug|Any CPU
		{5C1955A7-6298-4A46-95D0-26E1194AF8C0}.AppStore|x86.ActiveCfg = Debug|Any CPU
		{5C1955A7-6298-4A46-95D0-26E1194AF8C0}.AppStore|x86.Build.0 = Debug|Any CPU
		{5C1955A7-6298-4A46-95D0-26E1194AF8C0}.Debug|Any CPU.ActiveCfg = Debug|Any CPU
		{5C1955A7-6298-4A46-95D0-26E1194AF8C0}.Debug|Any CPU.Build.0 = Debug|Any CPU
		{5C1955A7-6298-4A46-95D0-26E1194AF8C0}.Debug|ARM.ActiveCfg = Debug|Any CPU
		{5C1955A7-6298-4A46-95D0-26E1194AF8C0}.Debug|ARM.Build.0 = Debug|Any CPU
		{5C1955A7-6298-4A46-95D0-26E1194AF8C0}.Debug|iPhone.ActiveCfg = Debug|Any CPU
		{5C1955A7-6298-4A46-95D0-26E1194AF8C0}.Debug|iPhone.Build.0 = Debug|Any CPU
		{5C1955A7-6298-4A46-95D0-26E1194AF8C0}.Debug|iPhoneSimulator.ActiveCfg = Debug|Any CPU
		{5C1955A7-6298-4A46-95D0-26E1194AF8C0}.Debug|iPhoneSimulator.Build.0 = Debug|Any CPU
		{5C1955A7-6298-4A46-95D0-26E1194AF8C0}.Debug|x64.ActiveCfg = Debug|Any CPU
		{5C1955A7-6298-4A46-95D0-26E1194AF8C0}.Debug|x64.Build.0 = Debug|Any CPU
		{5C1955A7-6298-4A46-95D0-26E1194AF8C0}.Debug|x86.ActiveCfg = Debug|Any CPU
		{5C1955A7-6298-4A46-95D0-26E1194AF8C0}.Debug|x86.Build.0 = Debug|Any CPU
		{5C1955A7-6298-4A46-95D0-26E1194AF8C0}.PCL|Any CPU.ActiveCfg = Debug|Any CPU
		{5C1955A7-6298-4A46-95D0-26E1194AF8C0}.PCL|Any CPU.Build.0 = Debug|Any CPU
		{5C1955A7-6298-4A46-95D0-26E1194AF8C0}.PCL|ARM.ActiveCfg = Debug|Any CPU
		{5C1955A7-6298-4A46-95D0-26E1194AF8C0}.PCL|ARM.Build.0 = Debug|Any CPU
		{5C1955A7-6298-4A46-95D0-26E1194AF8C0}.PCL|iPhone.ActiveCfg = Debug|Any CPU
		{5C1955A7-6298-4A46-95D0-26E1194AF8C0}.PCL|iPhone.Build.0 = Debug|Any CPU
		{5C1955A7-6298-4A46-95D0-26E1194AF8C0}.PCL|iPhoneSimulator.ActiveCfg = Debug|Any CPU
		{5C1955A7-6298-4A46-95D0-26E1194AF8C0}.PCL|iPhoneSimulator.Build.0 = Debug|Any CPU
		{5C1955A7-6298-4A46-95D0-26E1194AF8C0}.PCL|x64.ActiveCfg = Debug|Any CPU
		{5C1955A7-6298-4A46-95D0-26E1194AF8C0}.PCL|x64.Build.0 = Debug|Any CPU
		{5C1955A7-6298-4A46-95D0-26E1194AF8C0}.PCL|x86.ActiveCfg = Debug|Any CPU
		{5C1955A7-6298-4A46-95D0-26E1194AF8C0}.PCL|x86.Build.0 = Debug|Any CPU
		{5C1955A7-6298-4A46-95D0-26E1194AF8C0}.Release|Any CPU.ActiveCfg = Release|Any CPU
		{5C1955A7-6298-4A46-95D0-26E1194AF8C0}.Release|Any CPU.Build.0 = Release|Any CPU
		{5C1955A7-6298-4A46-95D0-26E1194AF8C0}.Release|ARM.ActiveCfg = Release|Any CPU
		{5C1955A7-6298-4A46-95D0-26E1194AF8C0}.Release|ARM.Build.0 = Release|Any CPU
		{5C1955A7-6298-4A46-95D0-26E1194AF8C0}.Release|iPhone.ActiveCfg = Release|Any CPU
		{5C1955A7-6298-4A46-95D0-26E1194AF8C0}.Release|iPhone.Build.0 = Release|Any CPU
		{5C1955A7-6298-4A46-95D0-26E1194AF8C0}.Release|iPhoneSimulator.ActiveCfg = Release|Any CPU
		{5C1955A7-6298-4A46-95D0-26E1194AF8C0}.Release|iPhoneSimulator.Build.0 = Release|Any CPU
		{5C1955A7-6298-4A46-95D0-26E1194AF8C0}.Release|x64.ActiveCfg = Release|Any CPU
		{5C1955A7-6298-4A46-95D0-26E1194AF8C0}.Release|x64.Build.0 = Release|Any CPU
		{5C1955A7-6298-4A46-95D0-26E1194AF8C0}.Release|x86.ActiveCfg = Release|Any CPU
		{5C1955A7-6298-4A46-95D0-26E1194AF8C0}.Release|x86.Build.0 = Release|Any CPU
		{2E33B059-A282-4F6A-B0F8-B10CF8E53D31}.Ad-Hoc|Any CPU.ActiveCfg = Debug|Any CPU
		{2E33B059-A282-4F6A-B0F8-B10CF8E53D31}.Ad-Hoc|Any CPU.Build.0 = Debug|Any CPU
		{2E33B059-A282-4F6A-B0F8-B10CF8E53D31}.Ad-Hoc|ARM.ActiveCfg = Debug|Any CPU
		{2E33B059-A282-4F6A-B0F8-B10CF8E53D31}.Ad-Hoc|ARM.Build.0 = Debug|Any CPU
		{2E33B059-A282-4F6A-B0F8-B10CF8E53D31}.Ad-Hoc|iPhone.ActiveCfg = Debug|Any CPU
		{2E33B059-A282-4F6A-B0F8-B10CF8E53D31}.Ad-Hoc|iPhone.Build.0 = Debug|Any CPU
		{2E33B059-A282-4F6A-B0F8-B10CF8E53D31}.Ad-Hoc|iPhoneSimulator.ActiveCfg = Debug|Any CPU
		{2E33B059-A282-4F6A-B0F8-B10CF8E53D31}.Ad-Hoc|iPhoneSimulator.Build.0 = Debug|Any CPU
		{2E33B059-A282-4F6A-B0F8-B10CF8E53D31}.Ad-Hoc|x64.ActiveCfg = Debug|Any CPU
		{2E33B059-A282-4F6A-B0F8-B10CF8E53D31}.Ad-Hoc|x64.Build.0 = Debug|Any CPU
		{2E33B059-A282-4F6A-B0F8-B10CF8E53D31}.Ad-Hoc|x86.ActiveCfg = Debug|Any CPU
		{2E33B059-A282-4F6A-B0F8-B10CF8E53D31}.Ad-Hoc|x86.Build.0 = Debug|Any CPU
		{2E33B059-A282-4F6A-B0F8-B10CF8E53D31}.AppStore|Any CPU.ActiveCfg = Debug|Any CPU
		{2E33B059-A282-4F6A-B0F8-B10CF8E53D31}.AppStore|Any CPU.Build.0 = Debug|Any CPU
		{2E33B059-A282-4F6A-B0F8-B10CF8E53D31}.AppStore|ARM.ActiveCfg = Debug|Any CPU
		{2E33B059-A282-4F6A-B0F8-B10CF8E53D31}.AppStore|ARM.Build.0 = Debug|Any CPU
		{2E33B059-A282-4F6A-B0F8-B10CF8E53D31}.AppStore|iPhone.ActiveCfg = Debug|Any CPU
		{2E33B059-A282-4F6A-B0F8-B10CF8E53D31}.AppStore|iPhone.Build.0 = Debug|Any CPU
		{2E33B059-A282-4F6A-B0F8-B10CF8E53D31}.AppStore|iPhoneSimulator.ActiveCfg = Debug|Any CPU
		{2E33B059-A282-4F6A-B0F8-B10CF8E53D31}.AppStore|iPhoneSimulator.Build.0 = Debug|Any CPU
		{2E33B059-A282-4F6A-B0F8-B10CF8E53D31}.AppStore|x64.ActiveCfg = Debug|Any CPU
		{2E33B059-A282-4F6A-B0F8-B10CF8E53D31}.AppStore|x64.Build.0 = Debug|Any CPU
		{2E33B059-A282-4F6A-B0F8-B10CF8E53D31}.AppStore|x86.ActiveCfg = Debug|Any CPU
		{2E33B059-A282-4F6A-B0F8-B10CF8E53D31}.AppStore|x86.Build.0 = Debug|Any CPU
		{2E33B059-A282-4F6A-B0F8-B10CF8E53D31}.Debug|Any CPU.ActiveCfg = Debug|Any CPU
		{2E33B059-A282-4F6A-B0F8-B10CF8E53D31}.Debug|Any CPU.Build.0 = Debug|Any CPU
		{2E33B059-A282-4F6A-B0F8-B10CF8E53D31}.Debug|ARM.ActiveCfg = Debug|Any CPU
		{2E33B059-A282-4F6A-B0F8-B10CF8E53D31}.Debug|ARM.Build.0 = Debug|Any CPU
		{2E33B059-A282-4F6A-B0F8-B10CF8E53D31}.Debug|iPhone.ActiveCfg = Debug|Any CPU
		{2E33B059-A282-4F6A-B0F8-B10CF8E53D31}.Debug|iPhone.Build.0 = Debug|Any CPU
		{2E33B059-A282-4F6A-B0F8-B10CF8E53D31}.Debug|iPhoneSimulator.ActiveCfg = Debug|Any CPU
		{2E33B059-A282-4F6A-B0F8-B10CF8E53D31}.Debug|iPhoneSimulator.Build.0 = Debug|Any CPU
		{2E33B059-A282-4F6A-B0F8-B10CF8E53D31}.Debug|x64.ActiveCfg = Debug|Any CPU
		{2E33B059-A282-4F6A-B0F8-B10CF8E53D31}.Debug|x64.Build.0 = Debug|Any CPU
		{2E33B059-A282-4F6A-B0F8-B10CF8E53D31}.Debug|x86.ActiveCfg = Debug|Any CPU
		{2E33B059-A282-4F6A-B0F8-B10CF8E53D31}.Debug|x86.Build.0 = Debug|Any CPU
		{2E33B059-A282-4F6A-B0F8-B10CF8E53D31}.PCL|Any CPU.ActiveCfg = Debug|Any CPU
		{2E33B059-A282-4F6A-B0F8-B10CF8E53D31}.PCL|Any CPU.Build.0 = Debug|Any CPU
		{2E33B059-A282-4F6A-B0F8-B10CF8E53D31}.PCL|ARM.ActiveCfg = Debug|Any CPU
		{2E33B059-A282-4F6A-B0F8-B10CF8E53D31}.PCL|ARM.Build.0 = Debug|Any CPU
		{2E33B059-A282-4F6A-B0F8-B10CF8E53D31}.PCL|iPhone.ActiveCfg = Debug|Any CPU
		{2E33B059-A282-4F6A-B0F8-B10CF8E53D31}.PCL|iPhone.Build.0 = Debug|Any CPU
		{2E33B059-A282-4F6A-B0F8-B10CF8E53D31}.PCL|iPhoneSimulator.ActiveCfg = Debug|Any CPU
		{2E33B059-A282-4F6A-B0F8-B10CF8E53D31}.PCL|iPhoneSimulator.Build.0 = Debug|Any CPU
		{2E33B059-A282-4F6A-B0F8-B10CF8E53D31}.PCL|x64.ActiveCfg = Debug|Any CPU
		{2E33B059-A282-4F6A-B0F8-B10CF8E53D31}.PCL|x64.Build.0 = Debug|Any CPU
		{2E33B059-A282-4F6A-B0F8-B10CF8E53D31}.PCL|x86.ActiveCfg = Debug|Any CPU
		{2E33B059-A282-4F6A-B0F8-B10CF8E53D31}.PCL|x86.Build.0 = Debug|Any CPU
		{2E33B059-A282-4F6A-B0F8-B10CF8E53D31}.Release|Any CPU.ActiveCfg = Release|Any CPU
		{2E33B059-A282-4F6A-B0F8-B10CF8E53D31}.Release|Any CPU.Build.0 = Release|Any CPU
		{2E33B059-A282-4F6A-B0F8-B10CF8E53D31}.Release|ARM.ActiveCfg = Release|Any CPU
		{2E33B059-A282-4F6A-B0F8-B10CF8E53D31}.Release|ARM.Build.0 = Release|Any CPU
		{2E33B059-A282-4F6A-B0F8-B10CF8E53D31}.Release|iPhone.ActiveCfg = Release|Any CPU
		{2E33B059-A282-4F6A-B0F8-B10CF8E53D31}.Release|iPhone.Build.0 = Release|Any CPU
		{2E33B059-A282-4F6A-B0F8-B10CF8E53D31}.Release|iPhoneSimulator.ActiveCfg = Release|Any CPU
		{2E33B059-A282-4F6A-B0F8-B10CF8E53D31}.Release|iPhoneSimulator.Build.0 = Release|Any CPU
		{2E33B059-A282-4F6A-B0F8-B10CF8E53D31}.Release|x64.ActiveCfg = Release|Any CPU
		{2E33B059-A282-4F6A-B0F8-B10CF8E53D31}.Release|x64.Build.0 = Release|Any CPU
		{2E33B059-A282-4F6A-B0F8-B10CF8E53D31}.Release|x86.ActiveCfg = Release|Any CPU
		{2E33B059-A282-4F6A-B0F8-B10CF8E53D31}.Release|x86.Build.0 = Release|Any CPU
		{226EFC5B-DA13-4AC7-910E-1AF289E6CDCD}.Ad-Hoc|Any CPU.ActiveCfg = Debug|Any CPU
		{226EFC5B-DA13-4AC7-910E-1AF289E6CDCD}.Ad-Hoc|Any CPU.Build.0 = Debug|Any CPU
		{226EFC5B-DA13-4AC7-910E-1AF289E6CDCD}.Ad-Hoc|ARM.ActiveCfg = Debug|Any CPU
		{226EFC5B-DA13-4AC7-910E-1AF289E6CDCD}.Ad-Hoc|ARM.Build.0 = Debug|Any CPU
		{226EFC5B-DA13-4AC7-910E-1AF289E6CDCD}.Ad-Hoc|iPhone.ActiveCfg = Debug|Any CPU
		{226EFC5B-DA13-4AC7-910E-1AF289E6CDCD}.Ad-Hoc|iPhone.Build.0 = Debug|Any CPU
		{226EFC5B-DA13-4AC7-910E-1AF289E6CDCD}.Ad-Hoc|iPhoneSimulator.ActiveCfg = Debug|Any CPU
		{226EFC5B-DA13-4AC7-910E-1AF289E6CDCD}.Ad-Hoc|iPhoneSimulator.Build.0 = Debug|Any CPU
		{226EFC5B-DA13-4AC7-910E-1AF289E6CDCD}.Ad-Hoc|x64.ActiveCfg = Debug|Any CPU
		{226EFC5B-DA13-4AC7-910E-1AF289E6CDCD}.Ad-Hoc|x64.Build.0 = Debug|Any CPU
		{226EFC5B-DA13-4AC7-910E-1AF289E6CDCD}.Ad-Hoc|x86.ActiveCfg = Debug|Any CPU
		{226EFC5B-DA13-4AC7-910E-1AF289E6CDCD}.Ad-Hoc|x86.Build.0 = Debug|Any CPU
		{226EFC5B-DA13-4AC7-910E-1AF289E6CDCD}.AppStore|Any CPU.ActiveCfg = Debug|Any CPU
		{226EFC5B-DA13-4AC7-910E-1AF289E6CDCD}.AppStore|Any CPU.Build.0 = Debug|Any CPU
		{226EFC5B-DA13-4AC7-910E-1AF289E6CDCD}.AppStore|ARM.ActiveCfg = Debug|Any CPU
		{226EFC5B-DA13-4AC7-910E-1AF289E6CDCD}.AppStore|ARM.Build.0 = Debug|Any CPU
		{226EFC5B-DA13-4AC7-910E-1AF289E6CDCD}.AppStore|iPhone.ActiveCfg = Debug|Any CPU
		{226EFC5B-DA13-4AC7-910E-1AF289E6CDCD}.AppStore|iPhone.Build.0 = Debug|Any CPU
		{226EFC5B-DA13-4AC7-910E-1AF289E6CDCD}.AppStore|iPhoneSimulator.ActiveCfg = Debug|Any CPU
		{226EFC5B-DA13-4AC7-910E-1AF289E6CDCD}.AppStore|iPhoneSimulator.Build.0 = Debug|Any CPU
		{226EFC5B-DA13-4AC7-910E-1AF289E6CDCD}.AppStore|x64.ActiveCfg = Debug|Any CPU
		{226EFC5B-DA13-4AC7-910E-1AF289E6CDCD}.AppStore|x64.Build.0 = Debug|Any CPU
		{226EFC5B-DA13-4AC7-910E-1AF289E6CDCD}.AppStore|x86.ActiveCfg = Debug|Any CPU
		{226EFC5B-DA13-4AC7-910E-1AF289E6CDCD}.AppStore|x86.Build.0 = Debug|Any CPU
		{226EFC5B-DA13-4AC7-910E-1AF289E6CDCD}.Debug|Any CPU.ActiveCfg = Debug|Any CPU
		{226EFC5B-DA13-4AC7-910E-1AF289E6CDCD}.Debug|Any CPU.Build.0 = Debug|Any CPU
		{226EFC5B-DA13-4AC7-910E-1AF289E6CDCD}.Debug|ARM.ActiveCfg = Debug|Any CPU
		{226EFC5B-DA13-4AC7-910E-1AF289E6CDCD}.Debug|ARM.Build.0 = Debug|Any CPU
		{226EFC5B-DA13-4AC7-910E-1AF289E6CDCD}.Debug|iPhone.ActiveCfg = Debug|Any CPU
		{226EFC5B-DA13-4AC7-910E-1AF289E6CDCD}.Debug|iPhone.Build.0 = Debug|Any CPU
		{226EFC5B-DA13-4AC7-910E-1AF289E6CDCD}.Debug|iPhoneSimulator.ActiveCfg = Debug|Any CPU
		{226EFC5B-DA13-4AC7-910E-1AF289E6CDCD}.Debug|iPhoneSimulator.Build.0 = Debug|Any CPU
		{226EFC5B-DA13-4AC7-910E-1AF289E6CDCD}.Debug|x64.ActiveCfg = Debug|Any CPU
		{226EFC5B-DA13-4AC7-910E-1AF289E6CDCD}.Debug|x64.Build.0 = Debug|Any CPU
		{226EFC5B-DA13-4AC7-910E-1AF289E6CDCD}.Debug|x86.ActiveCfg = Debug|Any CPU
		{226EFC5B-DA13-4AC7-910E-1AF289E6CDCD}.Debug|x86.Build.0 = Debug|Any CPU
		{226EFC5B-DA13-4AC7-910E-1AF289E6CDCD}.PCL|Any CPU.ActiveCfg = Debug|Any CPU
		{226EFC5B-DA13-4AC7-910E-1AF289E6CDCD}.PCL|Any CPU.Build.0 = Debug|Any CPU
		{226EFC5B-DA13-4AC7-910E-1AF289E6CDCD}.PCL|ARM.ActiveCfg = Debug|Any CPU
		{226EFC5B-DA13-4AC7-910E-1AF289E6CDCD}.PCL|ARM.Build.0 = Debug|Any CPU
		{226EFC5B-DA13-4AC7-910E-1AF289E6CDCD}.PCL|iPhone.ActiveCfg = Debug|Any CPU
		{226EFC5B-DA13-4AC7-910E-1AF289E6CDCD}.PCL|iPhone.Build.0 = Debug|Any CPU
		{226EFC5B-DA13-4AC7-910E-1AF289E6CDCD}.PCL|iPhoneSimulator.ActiveCfg = Debug|Any CPU
		{226EFC5B-DA13-4AC7-910E-1AF289E6CDCD}.PCL|iPhoneSimulator.Build.0 = Debug|Any CPU
		{226EFC5B-DA13-4AC7-910E-1AF289E6CDCD}.PCL|x64.ActiveCfg = Debug|Any CPU
		{226EFC5B-DA13-4AC7-910E-1AF289E6CDCD}.PCL|x64.Build.0 = Debug|Any CPU
		{226EFC5B-DA13-4AC7-910E-1AF289E6CDCD}.PCL|x86.ActiveCfg = Debug|Any CPU
		{226EFC5B-DA13-4AC7-910E-1AF289E6CDCD}.PCL|x86.Build.0 = Debug|Any CPU
		{226EFC5B-DA13-4AC7-910E-1AF289E6CDCD}.Release|Any CPU.ActiveCfg = Release|Any CPU
		{226EFC5B-DA13-4AC7-910E-1AF289E6CDCD}.Release|Any CPU.Build.0 = Release|Any CPU
		{226EFC5B-DA13-4AC7-910E-1AF289E6CDCD}.Release|ARM.ActiveCfg = Release|Any CPU
		{226EFC5B-DA13-4AC7-910E-1AF289E6CDCD}.Release|ARM.Build.0 = Release|Any CPU
		{226EFC5B-DA13-4AC7-910E-1AF289E6CDCD}.Release|iPhone.ActiveCfg = Release|Any CPU
		{226EFC5B-DA13-4AC7-910E-1AF289E6CDCD}.Release|iPhone.Build.0 = Release|Any CPU
		{226EFC5B-DA13-4AC7-910E-1AF289E6CDCD}.Release|iPhoneSimulator.ActiveCfg = Release|Any CPU
		{226EFC5B-DA13-4AC7-910E-1AF289E6CDCD}.Release|iPhoneSimulator.Build.0 = Release|Any CPU
		{226EFC5B-DA13-4AC7-910E-1AF289E6CDCD}.Release|x64.ActiveCfg = Release|Any CPU
		{226EFC5B-DA13-4AC7-910E-1AF289E6CDCD}.Release|x64.Build.0 = Release|Any CPU
		{226EFC5B-DA13-4AC7-910E-1AF289E6CDCD}.Release|x86.ActiveCfg = Release|Any CPU
		{226EFC5B-DA13-4AC7-910E-1AF289E6CDCD}.Release|x86.Build.0 = Release|Any CPU
		{C54D8A51-B6C3-4E96-8012-928F45A2C90F}.Ad-Hoc|Any CPU.ActiveCfg = Debug|Any CPU
		{C54D8A51-B6C3-4E96-8012-928F45A2C90F}.Ad-Hoc|Any CPU.Build.0 = Debug|Any CPU
		{C54D8A51-B6C3-4E96-8012-928F45A2C90F}.Ad-Hoc|ARM.ActiveCfg = Debug|Any CPU
		{C54D8A51-B6C3-4E96-8012-928F45A2C90F}.Ad-Hoc|ARM.Build.0 = Debug|Any CPU
		{C54D8A51-B6C3-4E96-8012-928F45A2C90F}.Ad-Hoc|iPhone.ActiveCfg = Debug|Any CPU
		{C54D8A51-B6C3-4E96-8012-928F45A2C90F}.Ad-Hoc|iPhone.Build.0 = Debug|Any CPU
		{C54D8A51-B6C3-4E96-8012-928F45A2C90F}.Ad-Hoc|iPhoneSimulator.ActiveCfg = Debug|Any CPU
		{C54D8A51-B6C3-4E96-8012-928F45A2C90F}.Ad-Hoc|iPhoneSimulator.Build.0 = Debug|Any CPU
		{C54D8A51-B6C3-4E96-8012-928F45A2C90F}.Ad-Hoc|x64.ActiveCfg = Debug|Any CPU
		{C54D8A51-B6C3-4E96-8012-928F45A2C90F}.Ad-Hoc|x64.Build.0 = Debug|Any CPU
		{C54D8A51-B6C3-4E96-8012-928F45A2C90F}.Ad-Hoc|x86.ActiveCfg = Debug|Any CPU
		{C54D8A51-B6C3-4E96-8012-928F45A2C90F}.Ad-Hoc|x86.Build.0 = Debug|Any CPU
		{C54D8A51-B6C3-4E96-8012-928F45A2C90F}.AppStore|Any CPU.ActiveCfg = Debug|Any CPU
		{C54D8A51-B6C3-4E96-8012-928F45A2C90F}.AppStore|Any CPU.Build.0 = Debug|Any CPU
		{C54D8A51-B6C3-4E96-8012-928F45A2C90F}.AppStore|ARM.ActiveCfg = Debug|Any CPU
		{C54D8A51-B6C3-4E96-8012-928F45A2C90F}.AppStore|ARM.Build.0 = Debug|Any CPU
		{C54D8A51-B6C3-4E96-8012-928F45A2C90F}.AppStore|iPhone.ActiveCfg = Debug|Any CPU
		{C54D8A51-B6C3-4E96-8012-928F45A2C90F}.AppStore|iPhone.Build.0 = Debug|Any CPU
		{C54D8A51-B6C3-4E96-8012-928F45A2C90F}.AppStore|iPhoneSimulator.ActiveCfg = Debug|Any CPU
		{C54D8A51-B6C3-4E96-8012-928F45A2C90F}.AppStore|iPhoneSimulator.Build.0 = Debug|Any CPU
		{C54D8A51-B6C3-4E96-8012-928F45A2C90F}.AppStore|x64.ActiveCfg = Debug|Any CPU
		{C54D8A51-B6C3-4E96-8012-928F45A2C90F}.AppStore|x64.Build.0 = Debug|Any CPU
		{C54D8A51-B6C3-4E96-8012-928F45A2C90F}.AppStore|x86.ActiveCfg = Debug|Any CPU
		{C54D8A51-B6C3-4E96-8012-928F45A2C90F}.AppStore|x86.Build.0 = Debug|Any CPU
		{C54D8A51-B6C3-4E96-8012-928F45A2C90F}.Debug|Any CPU.ActiveCfg = Debug|Any CPU
		{C54D8A51-B6C3-4E96-8012-928F45A2C90F}.Debug|Any CPU.Build.0 = Debug|Any CPU
		{C54D8A51-B6C3-4E96-8012-928F45A2C90F}.Debug|ARM.ActiveCfg = Debug|Any CPU
		{C54D8A51-B6C3-4E96-8012-928F45A2C90F}.Debug|ARM.Build.0 = Debug|Any CPU
		{C54D8A51-B6C3-4E96-8012-928F45A2C90F}.Debug|iPhone.ActiveCfg = Debug|Any CPU
		{C54D8A51-B6C3-4E96-8012-928F45A2C90F}.Debug|iPhone.Build.0 = Debug|Any CPU
		{C54D8A51-B6C3-4E96-8012-928F45A2C90F}.Debug|iPhoneSimulator.ActiveCfg = Debug|Any CPU
		{C54D8A51-B6C3-4E96-8012-928F45A2C90F}.Debug|iPhoneSimulator.Build.0 = Debug|Any CPU
		{C54D8A51-B6C3-4E96-8012-928F45A2C90F}.Debug|x64.ActiveCfg = Debug|Any CPU
		{C54D8A51-B6C3-4E96-8012-928F45A2C90F}.Debug|x64.Build.0 = Debug|Any CPU
		{C54D8A51-B6C3-4E96-8012-928F45A2C90F}.Debug|x86.ActiveCfg = Debug|Any CPU
		{C54D8A51-B6C3-4E96-8012-928F45A2C90F}.Debug|x86.Build.0 = Debug|Any CPU
		{C54D8A51-B6C3-4E96-8012-928F45A2C90F}.PCL|Any CPU.ActiveCfg = Debug|Any CPU
		{C54D8A51-B6C3-4E96-8012-928F45A2C90F}.PCL|Any CPU.Build.0 = Debug|Any CPU
		{C54D8A51-B6C3-4E96-8012-928F45A2C90F}.PCL|ARM.ActiveCfg = Debug|Any CPU
		{C54D8A51-B6C3-4E96-8012-928F45A2C90F}.PCL|ARM.Build.0 = Debug|Any CPU
		{C54D8A51-B6C3-4E96-8012-928F45A2C90F}.PCL|iPhone.ActiveCfg = Debug|Any CPU
		{C54D8A51-B6C3-4E96-8012-928F45A2C90F}.PCL|iPhone.Build.0 = Debug|Any CPU
		{C54D8A51-B6C3-4E96-8012-928F45A2C90F}.PCL|iPhoneSimulator.ActiveCfg = Debug|Any CPU
		{C54D8A51-B6C3-4E96-8012-928F45A2C90F}.PCL|iPhoneSimulator.Build.0 = Debug|Any CPU
		{C54D8A51-B6C3-4E96-8012-928F45A2C90F}.PCL|x64.ActiveCfg = Debug|Any CPU
		{C54D8A51-B6C3-4E96-8012-928F45A2C90F}.PCL|x64.Build.0 = Debug|Any CPU
		{C54D8A51-B6C3-4E96-8012-928F45A2C90F}.PCL|x86.ActiveCfg = Debug|Any CPU
		{C54D8A51-B6C3-4E96-8012-928F45A2C90F}.PCL|x86.Build.0 = Debug|Any CPU
		{C54D8A51-B6C3-4E96-8012-928F45A2C90F}.Release|Any CPU.ActiveCfg = Release|Any CPU
		{C54D8A51-B6C3-4E96-8012-928F45A2C90F}.Release|Any CPU.Build.0 = Release|Any CPU
		{C54D8A51-B6C3-4E96-8012-928F45A2C90F}.Release|ARM.ActiveCfg = Release|Any CPU
		{C54D8A51-B6C3-4E96-8012-928F45A2C90F}.Release|ARM.Build.0 = Release|Any CPU
		{C54D8A51-B6C3-4E96-8012-928F45A2C90F}.Release|iPhone.ActiveCfg = Release|Any CPU
		{C54D8A51-B6C3-4E96-8012-928F45A2C90F}.Release|iPhone.Build.0 = Release|Any CPU
		{C54D8A51-B6C3-4E96-8012-928F45A2C90F}.Release|iPhoneSimulator.ActiveCfg = Release|Any CPU
		{C54D8A51-B6C3-4E96-8012-928F45A2C90F}.Release|iPhoneSimulator.Build.0 = Release|Any CPU
		{C54D8A51-B6C3-4E96-8012-928F45A2C90F}.Release|x64.ActiveCfg = Release|Any CPU
		{C54D8A51-B6C3-4E96-8012-928F45A2C90F}.Release|x64.Build.0 = Release|Any CPU
		{C54D8A51-B6C3-4E96-8012-928F45A2C90F}.Release|x86.ActiveCfg = Release|Any CPU
		{C54D8A51-B6C3-4E96-8012-928F45A2C90F}.Release|x86.Build.0 = Release|Any CPU
		{37D2BFFD-556D-4110-A1F6-A7803501F408}.Ad-Hoc|Any CPU.ActiveCfg = Debug|Any CPU
		{37D2BFFD-556D-4110-A1F6-A7803501F408}.Ad-Hoc|Any CPU.Build.0 = Debug|Any CPU
		{37D2BFFD-556D-4110-A1F6-A7803501F408}.Ad-Hoc|ARM.ActiveCfg = Debug|Any CPU
		{37D2BFFD-556D-4110-A1F6-A7803501F408}.Ad-Hoc|ARM.Build.0 = Debug|Any CPU
		{37D2BFFD-556D-4110-A1F6-A7803501F408}.Ad-Hoc|iPhone.ActiveCfg = Debug|Any CPU
		{37D2BFFD-556D-4110-A1F6-A7803501F408}.Ad-Hoc|iPhone.Build.0 = Debug|Any CPU
		{37D2BFFD-556D-4110-A1F6-A7803501F408}.Ad-Hoc|iPhoneSimulator.ActiveCfg = Debug|Any CPU
		{37D2BFFD-556D-4110-A1F6-A7803501F408}.Ad-Hoc|iPhoneSimulator.Build.0 = Debug|Any CPU
		{37D2BFFD-556D-4110-A1F6-A7803501F408}.Ad-Hoc|x64.ActiveCfg = Debug|Any CPU
		{37D2BFFD-556D-4110-A1F6-A7803501F408}.Ad-Hoc|x64.Build.0 = Debug|Any CPU
		{37D2BFFD-556D-4110-A1F6-A7803501F408}.Ad-Hoc|x86.ActiveCfg = Debug|Any CPU
		{37D2BFFD-556D-4110-A1F6-A7803501F408}.Ad-Hoc|x86.Build.0 = Debug|Any CPU
		{37D2BFFD-556D-4110-A1F6-A7803501F408}.AppStore|Any CPU.ActiveCfg = Debug|Any CPU
		{37D2BFFD-556D-4110-A1F6-A7803501F408}.AppStore|Any CPU.Build.0 = Debug|Any CPU
		{37D2BFFD-556D-4110-A1F6-A7803501F408}.AppStore|ARM.ActiveCfg = Debug|Any CPU
		{37D2BFFD-556D-4110-A1F6-A7803501F408}.AppStore|ARM.Build.0 = Debug|Any CPU
		{37D2BFFD-556D-4110-A1F6-A7803501F408}.AppStore|iPhone.ActiveCfg = Debug|Any CPU
		{37D2BFFD-556D-4110-A1F6-A7803501F408}.AppStore|iPhone.Build.0 = Debug|Any CPU
		{37D2BFFD-556D-4110-A1F6-A7803501F408}.AppStore|iPhoneSimulator.ActiveCfg = Debug|Any CPU
		{37D2BFFD-556D-4110-A1F6-A7803501F408}.AppStore|iPhoneSimulator.Build.0 = Debug|Any CPU
		{37D2BFFD-556D-4110-A1F6-A7803501F408}.AppStore|x64.ActiveCfg = Debug|Any CPU
		{37D2BFFD-556D-4110-A1F6-A7803501F408}.AppStore|x64.Build.0 = Debug|Any CPU
		{37D2BFFD-556D-4110-A1F6-A7803501F408}.AppStore|x86.ActiveCfg = Debug|Any CPU
		{37D2BFFD-556D-4110-A1F6-A7803501F408}.AppStore|x86.Build.0 = Debug|Any CPU
		{37D2BFFD-556D-4110-A1F6-A7803501F408}.Debug|Any CPU.ActiveCfg = Debug|Any CPU
		{37D2BFFD-556D-4110-A1F6-A7803501F408}.Debug|Any CPU.Build.0 = Debug|Any CPU
		{37D2BFFD-556D-4110-A1F6-A7803501F408}.Debug|ARM.ActiveCfg = Debug|Any CPU
		{37D2BFFD-556D-4110-A1F6-A7803501F408}.Debug|ARM.Build.0 = Debug|Any CPU
		{37D2BFFD-556D-4110-A1F6-A7803501F408}.Debug|iPhone.ActiveCfg = Debug|Any CPU
		{37D2BFFD-556D-4110-A1F6-A7803501F408}.Debug|iPhone.Build.0 = Debug|Any CPU
		{37D2BFFD-556D-4110-A1F6-A7803501F408}.Debug|iPhoneSimulator.ActiveCfg = Debug|Any CPU
		{37D2BFFD-556D-4110-A1F6-A7803501F408}.Debug|iPhoneSimulator.Build.0 = Debug|Any CPU
		{37D2BFFD-556D-4110-A1F6-A7803501F408}.Debug|x64.ActiveCfg = Debug|Any CPU
		{37D2BFFD-556D-4110-A1F6-A7803501F408}.Debug|x64.Build.0 = Debug|Any CPU
		{37D2BFFD-556D-4110-A1F6-A7803501F408}.Debug|x86.ActiveCfg = Debug|Any CPU
		{37D2BFFD-556D-4110-A1F6-A7803501F408}.Debug|x86.Build.0 = Debug|Any CPU
		{37D2BFFD-556D-4110-A1F6-A7803501F408}.PCL|Any CPU.ActiveCfg = Debug|Any CPU
		{37D2BFFD-556D-4110-A1F6-A7803501F408}.PCL|Any CPU.Build.0 = Debug|Any CPU
		{37D2BFFD-556D-4110-A1F6-A7803501F408}.PCL|ARM.ActiveCfg = Debug|Any CPU
		{37D2BFFD-556D-4110-A1F6-A7803501F408}.PCL|ARM.Build.0 = Debug|Any CPU
		{37D2BFFD-556D-4110-A1F6-A7803501F408}.PCL|iPhone.ActiveCfg = Debug|Any CPU
		{37D2BFFD-556D-4110-A1F6-A7803501F408}.PCL|iPhone.Build.0 = Debug|Any CPU
		{37D2BFFD-556D-4110-A1F6-A7803501F408}.PCL|iPhoneSimulator.ActiveCfg = Debug|Any CPU
		{37D2BFFD-556D-4110-A1F6-A7803501F408}.PCL|iPhoneSimulator.Build.0 = Debug|Any CPU
		{37D2BFFD-556D-4110-A1F6-A7803501F408}.PCL|x64.ActiveCfg = Debug|Any CPU
		{37D2BFFD-556D-4110-A1F6-A7803501F408}.PCL|x64.Build.0 = Debug|Any CPU
		{37D2BFFD-556D-4110-A1F6-A7803501F408}.PCL|x86.ActiveCfg = Debug|Any CPU
		{37D2BFFD-556D-4110-A1F6-A7803501F408}.PCL|x86.Build.0 = Debug|Any CPU
		{37D2BFFD-556D-4110-A1F6-A7803501F408}.Release|Any CPU.ActiveCfg = Release|Any CPU
		{37D2BFFD-556D-4110-A1F6-A7803501F408}.Release|Any CPU.Build.0 = Release|Any CPU
		{37D2BFFD-556D-4110-A1F6-A7803501F408}.Release|ARM.ActiveCfg = Release|Any CPU
		{37D2BFFD-556D-4110-A1F6-A7803501F408}.Release|ARM.Build.0 = Release|Any CPU
		{37D2BFFD-556D-4110-A1F6-A7803501F408}.Release|iPhone.ActiveCfg = Release|Any CPU
		{37D2BFFD-556D-4110-A1F6-A7803501F408}.Release|iPhone.Build.0 = Release|Any CPU
		{37D2BFFD-556D-4110-A1F6-A7803501F408}.Release|iPhoneSimulator.ActiveCfg = Release|Any CPU
		{37D2BFFD-556D-4110-A1F6-A7803501F408}.Release|iPhoneSimulator.Build.0 = Release|Any CPU
		{37D2BFFD-556D-4110-A1F6-A7803501F408}.Release|x64.ActiveCfg = Release|Any CPU
		{37D2BFFD-556D-4110-A1F6-A7803501F408}.Release|x64.Build.0 = Release|Any CPU
		{37D2BFFD-556D-4110-A1F6-A7803501F408}.Release|x86.ActiveCfg = Release|Any CPU
		{37D2BFFD-556D-4110-A1F6-A7803501F408}.Release|x86.Build.0 = Release|Any CPU
		{B6016ABB-5C8D-4C02-B356-79314374EBC6}.Ad-Hoc|Any CPU.ActiveCfg = Debug|Any CPU
		{B6016ABB-5C8D-4C02-B356-79314374EBC6}.Ad-Hoc|Any CPU.Build.0 = Debug|Any CPU
		{B6016ABB-5C8D-4C02-B356-79314374EBC6}.Ad-Hoc|ARM.ActiveCfg = Debug|Any CPU
		{B6016ABB-5C8D-4C02-B356-79314374EBC6}.Ad-Hoc|ARM.Build.0 = Debug|Any CPU
		{B6016ABB-5C8D-4C02-B356-79314374EBC6}.Ad-Hoc|iPhone.ActiveCfg = Debug|Any CPU
		{B6016ABB-5C8D-4C02-B356-79314374EBC6}.Ad-Hoc|iPhone.Build.0 = Debug|Any CPU
		{B6016ABB-5C8D-4C02-B356-79314374EBC6}.Ad-Hoc|iPhoneSimulator.ActiveCfg = Debug|Any CPU
		{B6016ABB-5C8D-4C02-B356-79314374EBC6}.Ad-Hoc|iPhoneSimulator.Build.0 = Debug|Any CPU
		{B6016ABB-5C8D-4C02-B356-79314374EBC6}.Ad-Hoc|x64.ActiveCfg = Debug|Any CPU
		{B6016ABB-5C8D-4C02-B356-79314374EBC6}.Ad-Hoc|x64.Build.0 = Debug|Any CPU
		{B6016ABB-5C8D-4C02-B356-79314374EBC6}.Ad-Hoc|x86.ActiveCfg = Debug|Any CPU
		{B6016ABB-5C8D-4C02-B356-79314374EBC6}.Ad-Hoc|x86.Build.0 = Debug|Any CPU
		{B6016ABB-5C8D-4C02-B356-79314374EBC6}.AppStore|Any CPU.ActiveCfg = Debug|Any CPU
		{B6016ABB-5C8D-4C02-B356-79314374EBC6}.AppStore|Any CPU.Build.0 = Debug|Any CPU
		{B6016ABB-5C8D-4C02-B356-79314374EBC6}.AppStore|ARM.ActiveCfg = Debug|Any CPU
		{B6016ABB-5C8D-4C02-B356-79314374EBC6}.AppStore|ARM.Build.0 = Debug|Any CPU
		{B6016ABB-5C8D-4C02-B356-79314374EBC6}.AppStore|iPhone.ActiveCfg = Debug|Any CPU
		{B6016ABB-5C8D-4C02-B356-79314374EBC6}.AppStore|iPhone.Build.0 = Debug|Any CPU
		{B6016ABB-5C8D-4C02-B356-79314374EBC6}.AppStore|iPhoneSimulator.ActiveCfg = Debug|Any CPU
		{B6016ABB-5C8D-4C02-B356-79314374EBC6}.AppStore|iPhoneSimulator.Build.0 = Debug|Any CPU
		{B6016ABB-5C8D-4C02-B356-79314374EBC6}.AppStore|x64.ActiveCfg = Debug|Any CPU
		{B6016ABB-5C8D-4C02-B356-79314374EBC6}.AppStore|x64.Build.0 = Debug|Any CPU
		{B6016ABB-5C8D-4C02-B356-79314374EBC6}.AppStore|x86.ActiveCfg = Debug|Any CPU
		{B6016ABB-5C8D-4C02-B356-79314374EBC6}.AppStore|x86.Build.0 = Debug|Any CPU
		{B6016ABB-5C8D-4C02-B356-79314374EBC6}.Debug|Any CPU.ActiveCfg = Debug|Any CPU
		{B6016ABB-5C8D-4C02-B356-79314374EBC6}.Debug|Any CPU.Build.0 = Debug|Any CPU
		{B6016ABB-5C8D-4C02-B356-79314374EBC6}.Debug|ARM.ActiveCfg = Debug|Any CPU
		{B6016ABB-5C8D-4C02-B356-79314374EBC6}.Debug|ARM.Build.0 = Debug|Any CPU
		{B6016ABB-5C8D-4C02-B356-79314374EBC6}.Debug|iPhone.ActiveCfg = Debug|Any CPU
		{B6016ABB-5C8D-4C02-B356-79314374EBC6}.Debug|iPhone.Build.0 = Debug|Any CPU
		{B6016ABB-5C8D-4C02-B356-79314374EBC6}.Debug|iPhoneSimulator.ActiveCfg = Debug|Any CPU
		{B6016ABB-5C8D-4C02-B356-79314374EBC6}.Debug|iPhoneSimulator.Build.0 = Debug|Any CPU
		{B6016ABB-5C8D-4C02-B356-79314374EBC6}.Debug|x64.ActiveCfg = Debug|Any CPU
		{B6016ABB-5C8D-4C02-B356-79314374EBC6}.Debug|x64.Build.0 = Debug|Any CPU
		{B6016ABB-5C8D-4C02-B356-79314374EBC6}.Debug|x86.ActiveCfg = Debug|Any CPU
		{B6016ABB-5C8D-4C02-B356-79314374EBC6}.Debug|x86.Build.0 = Debug|Any CPU
		{B6016ABB-5C8D-4C02-B356-79314374EBC6}.PCL|Any CPU.ActiveCfg = Debug|Any CPU
		{B6016ABB-5C8D-4C02-B356-79314374EBC6}.PCL|Any CPU.Build.0 = Debug|Any CPU
		{B6016ABB-5C8D-4C02-B356-79314374EBC6}.PCL|ARM.ActiveCfg = Debug|Any CPU
		{B6016ABB-5C8D-4C02-B356-79314374EBC6}.PCL|ARM.Build.0 = Debug|Any CPU
		{B6016ABB-5C8D-4C02-B356-79314374EBC6}.PCL|iPhone.ActiveCfg = Debug|Any CPU
		{B6016ABB-5C8D-4C02-B356-79314374EBC6}.PCL|iPhone.Build.0 = Debug|Any CPU
		{B6016ABB-5C8D-4C02-B356-79314374EBC6}.PCL|iPhoneSimulator.ActiveCfg = Debug|Any CPU
		{B6016ABB-5C8D-4C02-B356-79314374EBC6}.PCL|iPhoneSimulator.Build.0 = Debug|Any CPU
		{B6016ABB-5C8D-4C02-B356-79314374EBC6}.PCL|x64.ActiveCfg = Debug|Any CPU
		{B6016ABB-5C8D-4C02-B356-79314374EBC6}.PCL|x64.Build.0 = Debug|Any CPU
		{B6016ABB-5C8D-4C02-B356-79314374EBC6}.PCL|x86.ActiveCfg = Debug|Any CPU
		{B6016ABB-5C8D-4C02-B356-79314374EBC6}.PCL|x86.Build.0 = Debug|Any CPU
		{B6016ABB-5C8D-4C02-B356-79314374EBC6}.Release|Any CPU.ActiveCfg = Release|Any CPU
		{B6016ABB-5C8D-4C02-B356-79314374EBC6}.Release|Any CPU.Build.0 = Release|Any CPU
		{B6016ABB-5C8D-4C02-B356-79314374EBC6}.Release|ARM.ActiveCfg = Release|Any CPU
		{B6016ABB-5C8D-4C02-B356-79314374EBC6}.Release|ARM.Build.0 = Release|Any CPU
		{B6016ABB-5C8D-4C02-B356-79314374EBC6}.Release|iPhone.ActiveCfg = Release|Any CPU
		{B6016ABB-5C8D-4C02-B356-79314374EBC6}.Release|iPhone.Build.0 = Release|Any CPU
		{B6016ABB-5C8D-4C02-B356-79314374EBC6}.Release|iPhoneSimulator.ActiveCfg = Release|Any CPU
		{B6016ABB-5C8D-4C02-B356-79314374EBC6}.Release|iPhoneSimulator.Build.0 = Release|Any CPU
		{B6016ABB-5C8D-4C02-B356-79314374EBC6}.Release|x64.ActiveCfg = Release|Any CPU
		{B6016ABB-5C8D-4C02-B356-79314374EBC6}.Release|x64.Build.0 = Release|Any CPU
		{B6016ABB-5C8D-4C02-B356-79314374EBC6}.Release|x86.ActiveCfg = Release|Any CPU
		{B6016ABB-5C8D-4C02-B356-79314374EBC6}.Release|x86.Build.0 = Release|Any CPU
		{6BA9F412-EDB6-494C-99FD-603357572E51}.Ad-Hoc|Any CPU.ActiveCfg = Debug|Any CPU
		{6BA9F412-EDB6-494C-99FD-603357572E51}.Ad-Hoc|Any CPU.Build.0 = Debug|Any CPU
		{6BA9F412-EDB6-494C-99FD-603357572E51}.Ad-Hoc|ARM.ActiveCfg = Debug|Any CPU
		{6BA9F412-EDB6-494C-99FD-603357572E51}.Ad-Hoc|ARM.Build.0 = Debug|Any CPU
		{6BA9F412-EDB6-494C-99FD-603357572E51}.Ad-Hoc|iPhone.ActiveCfg = Debug|Any CPU
		{6BA9F412-EDB6-494C-99FD-603357572E51}.Ad-Hoc|iPhone.Build.0 = Debug|Any CPU
		{6BA9F412-EDB6-494C-99FD-603357572E51}.Ad-Hoc|iPhoneSimulator.ActiveCfg = Debug|Any CPU
		{6BA9F412-EDB6-494C-99FD-603357572E51}.Ad-Hoc|iPhoneSimulator.Build.0 = Debug|Any CPU
		{6BA9F412-EDB6-494C-99FD-603357572E51}.Ad-Hoc|x64.ActiveCfg = Debug|Any CPU
		{6BA9F412-EDB6-494C-99FD-603357572E51}.Ad-Hoc|x64.Build.0 = Debug|Any CPU
		{6BA9F412-EDB6-494C-99FD-603357572E51}.Ad-Hoc|x86.ActiveCfg = Debug|Any CPU
		{6BA9F412-EDB6-494C-99FD-603357572E51}.Ad-Hoc|x86.Build.0 = Debug|Any CPU
		{6BA9F412-EDB6-494C-99FD-603357572E51}.AppStore|Any CPU.ActiveCfg = Debug|Any CPU
		{6BA9F412-EDB6-494C-99FD-603357572E51}.AppStore|Any CPU.Build.0 = Debug|Any CPU
		{6BA9F412-EDB6-494C-99FD-603357572E51}.AppStore|ARM.ActiveCfg = Debug|Any CPU
		{6BA9F412-EDB6-494C-99FD-603357572E51}.AppStore|ARM.Build.0 = Debug|Any CPU
		{6BA9F412-EDB6-494C-99FD-603357572E51}.AppStore|iPhone.ActiveCfg = Debug|Any CPU
		{6BA9F412-EDB6-494C-99FD-603357572E51}.AppStore|iPhone.Build.0 = Debug|Any CPU
		{6BA9F412-EDB6-494C-99FD-603357572E51}.AppStore|iPhoneSimulator.ActiveCfg = Debug|Any CPU
		{6BA9F412-EDB6-494C-99FD-603357572E51}.AppStore|iPhoneSimulator.Build.0 = Debug|Any CPU
		{6BA9F412-EDB6-494C-99FD-603357572E51}.AppStore|x64.ActiveCfg = Debug|Any CPU
		{6BA9F412-EDB6-494C-99FD-603357572E51}.AppStore|x64.Build.0 = Debug|Any CPU
		{6BA9F412-EDB6-494C-99FD-603357572E51}.AppStore|x86.ActiveCfg = Debug|Any CPU
		{6BA9F412-EDB6-494C-99FD-603357572E51}.AppStore|x86.Build.0 = Debug|Any CPU
		{6BA9F412-EDB6-494C-99FD-603357572E51}.Debug|Any CPU.ActiveCfg = Debug|Any CPU
		{6BA9F412-EDB6-494C-99FD-603357572E51}.Debug|Any CPU.Build.0 = Debug|Any CPU
		{6BA9F412-EDB6-494C-99FD-603357572E51}.Debug|ARM.ActiveCfg = Debug|Any CPU
		{6BA9F412-EDB6-494C-99FD-603357572E51}.Debug|ARM.Build.0 = Debug|Any CPU
		{6BA9F412-EDB6-494C-99FD-603357572E51}.Debug|iPhone.ActiveCfg = Debug|Any CPU
		{6BA9F412-EDB6-494C-99FD-603357572E51}.Debug|iPhone.Build.0 = Debug|Any CPU
		{6BA9F412-EDB6-494C-99FD-603357572E51}.Debug|iPhoneSimulator.ActiveCfg = Debug|Any CPU
		{6BA9F412-EDB6-494C-99FD-603357572E51}.Debug|iPhoneSimulator.Build.0 = Debug|Any CPU
		{6BA9F412-EDB6-494C-99FD-603357572E51}.Debug|x64.ActiveCfg = Debug|Any CPU
		{6BA9F412-EDB6-494C-99FD-603357572E51}.Debug|x64.Build.0 = Debug|Any CPU
		{6BA9F412-EDB6-494C-99FD-603357572E51}.Debug|x86.ActiveCfg = Debug|Any CPU
		{6BA9F412-EDB6-494C-99FD-603357572E51}.Debug|x86.Build.0 = Debug|Any CPU
		{6BA9F412-EDB6-494C-99FD-603357572E51}.PCL|Any CPU.ActiveCfg = Debug|Any CPU
		{6BA9F412-EDB6-494C-99FD-603357572E51}.PCL|Any CPU.Build.0 = Debug|Any CPU
		{6BA9F412-EDB6-494C-99FD-603357572E51}.PCL|ARM.ActiveCfg = Debug|Any CPU
		{6BA9F412-EDB6-494C-99FD-603357572E51}.PCL|ARM.Build.0 = Debug|Any CPU
		{6BA9F412-EDB6-494C-99FD-603357572E51}.PCL|iPhone.ActiveCfg = Debug|Any CPU
		{6BA9F412-EDB6-494C-99FD-603357572E51}.PCL|iPhone.Build.0 = Debug|Any CPU
		{6BA9F412-EDB6-494C-99FD-603357572E51}.PCL|iPhoneSimulator.ActiveCfg = Debug|Any CPU
		{6BA9F412-EDB6-494C-99FD-603357572E51}.PCL|iPhoneSimulator.Build.0 = Debug|Any CPU
		{6BA9F412-EDB6-494C-99FD-603357572E51}.PCL|x64.ActiveCfg = Debug|Any CPU
		{6BA9F412-EDB6-494C-99FD-603357572E51}.PCL|x64.Build.0 = Debug|Any CPU
		{6BA9F412-EDB6-494C-99FD-603357572E51}.PCL|x86.ActiveCfg = Debug|Any CPU
		{6BA9F412-EDB6-494C-99FD-603357572E51}.PCL|x86.Build.0 = Debug|Any CPU
		{6BA9F412-EDB6-494C-99FD-603357572E51}.Release|Any CPU.ActiveCfg = Release|Any CPU
		{6BA9F412-EDB6-494C-99FD-603357572E51}.Release|Any CPU.Build.0 = Release|Any CPU
		{6BA9F412-EDB6-494C-99FD-603357572E51}.Release|ARM.ActiveCfg = Release|Any CPU
		{6BA9F412-EDB6-494C-99FD-603357572E51}.Release|ARM.Build.0 = Release|Any CPU
		{6BA9F412-EDB6-494C-99FD-603357572E51}.Release|iPhone.ActiveCfg = Release|Any CPU
		{6BA9F412-EDB6-494C-99FD-603357572E51}.Release|iPhone.Build.0 = Release|Any CPU
		{6BA9F412-EDB6-494C-99FD-603357572E51}.Release|iPhoneSimulator.ActiveCfg = Release|Any CPU
		{6BA9F412-EDB6-494C-99FD-603357572E51}.Release|iPhoneSimulator.Build.0 = Release|Any CPU
		{6BA9F412-EDB6-494C-99FD-603357572E51}.Release|x64.ActiveCfg = Release|Any CPU
		{6BA9F412-EDB6-494C-99FD-603357572E51}.Release|x64.Build.0 = Release|Any CPU
		{6BA9F412-EDB6-494C-99FD-603357572E51}.Release|x86.ActiveCfg = Release|Any CPU
		{6BA9F412-EDB6-494C-99FD-603357572E51}.Release|x86.Build.0 = Release|Any CPU
		{2ADD05D9-B775-4EC2-B315-DE53350E7702}.Ad-Hoc|Any CPU.ActiveCfg = Debug|Any CPU
		{2ADD05D9-B775-4EC2-B315-DE53350E7702}.Ad-Hoc|Any CPU.Build.0 = Debug|Any CPU
		{2ADD05D9-B775-4EC2-B315-DE53350E7702}.Ad-Hoc|ARM.ActiveCfg = Debug|Any CPU
		{2ADD05D9-B775-4EC2-B315-DE53350E7702}.Ad-Hoc|ARM.Build.0 = Debug|Any CPU
		{2ADD05D9-B775-4EC2-B315-DE53350E7702}.Ad-Hoc|iPhone.ActiveCfg = Debug|Any CPU
		{2ADD05D9-B775-4EC2-B315-DE53350E7702}.Ad-Hoc|iPhone.Build.0 = Debug|Any CPU
		{2ADD05D9-B775-4EC2-B315-DE53350E7702}.Ad-Hoc|iPhoneSimulator.ActiveCfg = Debug|Any CPU
		{2ADD05D9-B775-4EC2-B315-DE53350E7702}.Ad-Hoc|iPhoneSimulator.Build.0 = Debug|Any CPU
		{2ADD05D9-B775-4EC2-B315-DE53350E7702}.Ad-Hoc|x64.ActiveCfg = Debug|Any CPU
		{2ADD05D9-B775-4EC2-B315-DE53350E7702}.Ad-Hoc|x64.Build.0 = Debug|Any CPU
		{2ADD05D9-B775-4EC2-B315-DE53350E7702}.Ad-Hoc|x86.ActiveCfg = Debug|Any CPU
		{2ADD05D9-B775-4EC2-B315-DE53350E7702}.Ad-Hoc|x86.Build.0 = Debug|Any CPU
		{2ADD05D9-B775-4EC2-B315-DE53350E7702}.AppStore|Any CPU.ActiveCfg = Debug|Any CPU
		{2ADD05D9-B775-4EC2-B315-DE53350E7702}.AppStore|Any CPU.Build.0 = Debug|Any CPU
		{2ADD05D9-B775-4EC2-B315-DE53350E7702}.AppStore|ARM.ActiveCfg = Debug|Any CPU
		{2ADD05D9-B775-4EC2-B315-DE53350E7702}.AppStore|ARM.Build.0 = Debug|Any CPU
		{2ADD05D9-B775-4EC2-B315-DE53350E7702}.AppStore|iPhone.ActiveCfg = Debug|Any CPU
		{2ADD05D9-B775-4EC2-B315-DE53350E7702}.AppStore|iPhone.Build.0 = Debug|Any CPU
		{2ADD05D9-B775-4EC2-B315-DE53350E7702}.AppStore|iPhoneSimulator.ActiveCfg = Debug|Any CPU
		{2ADD05D9-B775-4EC2-B315-DE53350E7702}.AppStore|iPhoneSimulator.Build.0 = Debug|Any CPU
		{2ADD05D9-B775-4EC2-B315-DE53350E7702}.AppStore|x64.ActiveCfg = Debug|Any CPU
		{2ADD05D9-B775-4EC2-B315-DE53350E7702}.AppStore|x64.Build.0 = Debug|Any CPU
		{2ADD05D9-B775-4EC2-B315-DE53350E7702}.AppStore|x86.ActiveCfg = Debug|Any CPU
		{2ADD05D9-B775-4EC2-B315-DE53350E7702}.AppStore|x86.Build.0 = Debug|Any CPU
		{2ADD05D9-B775-4EC2-B315-DE53350E7702}.Debug|Any CPU.ActiveCfg = Debug|Any CPU
		{2ADD05D9-B775-4EC2-B315-DE53350E7702}.Debug|Any CPU.Build.0 = Debug|Any CPU
		{2ADD05D9-B775-4EC2-B315-DE53350E7702}.Debug|ARM.ActiveCfg = Debug|Any CPU
		{2ADD05D9-B775-4EC2-B315-DE53350E7702}.Debug|ARM.Build.0 = Debug|Any CPU
		{2ADD05D9-B775-4EC2-B315-DE53350E7702}.Debug|iPhone.ActiveCfg = Debug|Any CPU
		{2ADD05D9-B775-4EC2-B315-DE53350E7702}.Debug|iPhone.Build.0 = Debug|Any CPU
		{2ADD05D9-B775-4EC2-B315-DE53350E7702}.Debug|iPhoneSimulator.ActiveCfg = Debug|Any CPU
		{2ADD05D9-B775-4EC2-B315-DE53350E7702}.Debug|iPhoneSimulator.Build.0 = Debug|Any CPU
		{2ADD05D9-B775-4EC2-B315-DE53350E7702}.Debug|x64.ActiveCfg = Debug|Any CPU
		{2ADD05D9-B775-4EC2-B315-DE53350E7702}.Debug|x64.Build.0 = Debug|Any CPU
		{2ADD05D9-B775-4EC2-B315-DE53350E7702}.Debug|x86.ActiveCfg = Debug|Any CPU
		{2ADD05D9-B775-4EC2-B315-DE53350E7702}.Debug|x86.Build.0 = Debug|Any CPU
		{2ADD05D9-B775-4EC2-B315-DE53350E7702}.PCL|Any CPU.ActiveCfg = Debug|Any CPU
		{2ADD05D9-B775-4EC2-B315-DE53350E7702}.PCL|Any CPU.Build.0 = Debug|Any CPU
		{2ADD05D9-B775-4EC2-B315-DE53350E7702}.PCL|ARM.ActiveCfg = Debug|Any CPU
		{2ADD05D9-B775-4EC2-B315-DE53350E7702}.PCL|ARM.Build.0 = Debug|Any CPU
		{2ADD05D9-B775-4EC2-B315-DE53350E7702}.PCL|iPhone.ActiveCfg = Debug|Any CPU
		{2ADD05D9-B775-4EC2-B315-DE53350E7702}.PCL|iPhone.Build.0 = Debug|Any CPU
		{2ADD05D9-B775-4EC2-B315-DE53350E7702}.PCL|iPhoneSimulator.ActiveCfg = Debug|Any CPU
		{2ADD05D9-B775-4EC2-B315-DE53350E7702}.PCL|iPhoneSimulator.Build.0 = Debug|Any CPU
		{2ADD05D9-B775-4EC2-B315-DE53350E7702}.PCL|x64.ActiveCfg = Debug|Any CPU
		{2ADD05D9-B775-4EC2-B315-DE53350E7702}.PCL|x64.Build.0 = Debug|Any CPU
		{2ADD05D9-B775-4EC2-B315-DE53350E7702}.PCL|x86.ActiveCfg = Debug|Any CPU
		{2ADD05D9-B775-4EC2-B315-DE53350E7702}.PCL|x86.Build.0 = Debug|Any CPU
		{2ADD05D9-B775-4EC2-B315-DE53350E7702}.Release|Any CPU.ActiveCfg = Release|Any CPU
		{2ADD05D9-B775-4EC2-B315-DE53350E7702}.Release|Any CPU.Build.0 = Release|Any CPU
		{2ADD05D9-B775-4EC2-B315-DE53350E7702}.Release|ARM.ActiveCfg = Release|Any CPU
		{2ADD05D9-B775-4EC2-B315-DE53350E7702}.Release|ARM.Build.0 = Release|Any CPU
		{2ADD05D9-B775-4EC2-B315-DE53350E7702}.Release|iPhone.ActiveCfg = Release|Any CPU
		{2ADD05D9-B775-4EC2-B315-DE53350E7702}.Release|iPhone.Build.0 = Release|Any CPU
		{2ADD05D9-B775-4EC2-B315-DE53350E7702}.Release|iPhoneSimulator.ActiveCfg = Release|Any CPU
		{2ADD05D9-B775-4EC2-B315-DE53350E7702}.Release|iPhoneSimulator.Build.0 = Release|Any CPU
		{2ADD05D9-B775-4EC2-B315-DE53350E7702}.Release|x64.ActiveCfg = Release|Any CPU
		{2ADD05D9-B775-4EC2-B315-DE53350E7702}.Release|x64.Build.0 = Release|Any CPU
		{2ADD05D9-B775-4EC2-B315-DE53350E7702}.Release|x86.ActiveCfg = Release|Any CPU
		{2ADD05D9-B775-4EC2-B315-DE53350E7702}.Release|x86.Build.0 = Release|Any CPU
	EndGlobalSection
	GlobalSection(SolutionProperties) = preSolution
		HideSolutionNode = FALSE
	EndGlobalSection
	GlobalSection(NestedProjects) = preSolution
		{2ADD05D9-B775-4EC2-B315-DE53350E7702} = {B3106721-F7FA-44F4-8FCC-71125BF7D264}
	EndGlobalSection
EndGlobal
