
Microsoft Visual Studio Solution File, Format Version 12.00
# Visual Studio 15
VisualStudioVersion = 15.0.26403.7
MinimumVisualStudioVersion = 10.0.40219.1
Project("{2150E333-8FDC-42A3-9474-1A3956D46DE8}") = "Test", "Test", "{B3106721-F7FA-44F4-8FCC-71125BF7D264}"
EndProject
Project("{9A19103F-16F7-4668-BE54-9A1E7A4F7556}") = "Mojio.Platform.SDK.Bot", "Mojio.Platform.SDK.Bot\Mojio.Platform.SDK.Bot.csproj", "{913DC479-ED3F-4E17-948C-5EE6A09A23AC}"
EndProject
Project("{9A19103F-16F7-4668-BE54-9A1E7A4F7556}") = "Mojio.Platform.SDK.CLI", "Mojio.Platform.SDK.CLI\Mojio.Platform.SDK.CLI.csproj", "{5C1955A7-6298-4A46-95D0-26E1194AF8C0}"
EndProject
Project("{9A19103F-16F7-4668-BE54-9A1E7A4F7556}") = "Mojio.Platform.SDK.DI", "Mojio.Platform.SDK.DI\Mojio.Platform.SDK.DI.csproj", "{2E33B059-A282-4F6A-B0F8-B10CF8E53D31}"
EndProject
Project("{9A19103F-16F7-4668-BE54-9A1E7A4F7556}") = "Mojio.Platform.SDK.Contracts", "Mojio.Platform.SDK.Contracts\Mojio.Platform.SDK.Contracts.csproj", "{226EFC5B-DA13-4AC7-910E-1AF289E6CDCD}"
EndProject
Project("{9A19103F-16F7-4668-BE54-9A1E7A4F7556}") = "Mojio.Platform.SDK.Live", "Mojio.Platform.SDK.Live\Mojio.Platform.SDK.Live.csproj", "{C54D8A51-B6C3-4E96-8012-928F45A2C90F}"
EndProject
Project("{9A19103F-16F7-4668-BE54-9A1E7A4F7556}") = "Mojio.Platform.SDK.Live.WebSocket", "Mojio.Platform.SDK.Live.WebSocket\Mojio.Platform.SDK.Live.WebSocket.csproj", "{37D2BFFD-556D-4110-A1F6-A7803501F408}"
EndProject
Project("{9A19103F-16F7-4668-BE54-9A1E7A4F7556}") = "Mojio.Platform.SDK.SimpleClient", "Mojio.Platform.SDK.SimpleClient\Mojio.Platform.SDK.SimpleClient.csproj", "{B6016ABB-5C8D-4C02-B356-79314374EBC6}"
EndProject
Project("{9A19103F-16F7-4668-BE54-9A1E7A4F7556}") = "Mojio.Platform.SDK", "Mojio.Platform.SDK\Mojio.Platform.SDK.csproj", "{6BA9F412-EDB6-494C-99FD-603357572E51}"
EndProject
Project("{9A19103F-16F7-4668-BE54-9A1E7A4F7556}") = "Mojio.Platform.SDK.Test", "Mojio.Platform.SDK.Test\Mojio.Platform.SDK.Test.csproj", "{2ADD05D9-B775-4EC2-B315-DE53350E7702}"
EndProject
Global
	GlobalSection(SolutionConfigurationPlatforms) = preSolution
		Debug|Any CPU = Debug|Any CPU
		Release|Any CPU = Release|Any CPU
	EndGlobalSection
	GlobalSection(ProjectConfigurationPlatforms) = postSolution
		{913DC479-ED3F-4E17-948C-5EE6A09A23AC}.Debug|Any CPU.ActiveCfg = Debug|Any CPU
		{913DC479-ED3F-4E17-948C-5EE6A09A23AC}.Debug|Any CPU.Build.0 = Debug|Any CPU
		{913DC479-ED3F-4E17-948C-5EE6A09A23AC}.Release|Any CPU.ActiveCfg = Release|Any CPU
		{913DC479-ED3F-4E17-948C-5EE6A09A23AC}.Release|Any CPU.Build.0 = Release|Any CPU
		{5C1955A7-6298-4A46-95D0-26E1194AF8C0}.Debug|Any CPU.ActiveCfg = Debug|Any CPU
		{5C1955A7-6298-4A46-95D0-26E1194AF8C0}.Debug|Any CPU.Build.0 = Debug|Any CPU
		{5C1955A7-6298-4A46-95D0-26E1194AF8C0}.Release|Any CPU.ActiveCfg = Release|Any CPU
		{5C1955A7-6298-4A46-95D0-26E1194AF8C0}.Release|Any CPU.Build.0 = Release|Any CPU
		{2E33B059-A282-4F6A-B0F8-B10CF8E53D31}.Debug|Any CPU.ActiveCfg = Debug|Any CPU
		{2E33B059-A282-4F6A-B0F8-B10CF8E53D31}.Debug|Any CPU.Build.0 = Debug|Any CPU
		{2E33B059-A282-4F6A-B0F8-B10CF8E53D31}.Release|Any CPU.ActiveCfg = Release|Any CPU
		{2E33B059-A282-4F6A-B0F8-B10CF8E53D31}.Release|Any CPU.Build.0 = Release|Any CPU
		{226EFC5B-DA13-4AC7-910E-1AF289E6CDCD}.Debug|Any CPU.ActiveCfg = Debug|Any CPU
		{226EFC5B-DA13-4AC7-910E-1AF289E6CDCD}.Debug|Any CPU.Build.0 = Debug|Any CPU
		{226EFC5B-DA13-4AC7-910E-1AF289E6CDCD}.Release|Any CPU.ActiveCfg = Release|Any CPU
		{226EFC5B-DA13-4AC7-910E-1AF289E6CDCD}.Release|Any CPU.Build.0 = Release|Any CPU
		{C54D8A51-B6C3-4E96-8012-928F45A2C90F}.Debug|Any CPU.ActiveCfg = Debug|Any CPU
		{C54D8A51-B6C3-4E96-8012-928F45A2C90F}.Debug|Any CPU.Build.0 = Debug|Any CPU
		{C54D8A51-B6C3-4E96-8012-928F45A2C90F}.Release|Any CPU.ActiveCfg = Release|Any CPU
		{C54D8A51-B6C3-4E96-8012-928F45A2C90F}.Release|Any CPU.Build.0 = Release|Any CPU
		{37D2BFFD-556D-4110-A1F6-A7803501F408}.Debug|Any CPU.ActiveCfg = Debug|Any CPU
		{37D2BFFD-556D-4110-A1F6-A7803501F408}.Debug|Any CPU.Build.0 = Debug|Any CPU
		{37D2BFFD-556D-4110-A1F6-A7803501F408}.Release|Any CPU.ActiveCfg = Release|Any CPU
		{37D2BFFD-556D-4110-A1F6-A7803501F408}.Release|Any CPU.Build.0 = Release|Any CPU
		{B6016ABB-5C8D-4C02-B356-79314374EBC6}.Debug|Any CPU.ActiveCfg = Debug|Any CPU
		{B6016ABB-5C8D-4C02-B356-79314374EBC6}.Debug|Any CPU.Build.0 = Debug|Any CPU
		{B6016ABB-5C8D-4C02-B356-79314374EBC6}.Release|Any CPU.ActiveCfg = Release|Any CPU
		{B6016ABB-5C8D-4C02-B356-79314374EBC6}.Release|Any CPU.Build.0 = Release|Any CPU
		{6BA9F412-EDB6-494C-99FD-603357572E51}.Debug|Any CPU.ActiveCfg = Debug|Any CPU
		{6BA9F412-EDB6-494C-99FD-603357572E51}.Debug|Any CPU.Build.0 = Debug|Any CPU
		{6BA9F412-EDB6-494C-99FD-603357572E51}.Release|Any CPU.ActiveCfg = Release|Any CPU
		{6BA9F412-EDB6-494C-99FD-603357572E51}.Release|Any CPU.Build.0 = Release|Any CPU
		{2ADD05D9-B775-4EC2-B315-DE53350E7702}.Debug|Any CPU.ActiveCfg = Debug|Any CPU
		{2ADD05D9-B775-4EC2-B315-DE53350E7702}.Debug|Any CPU.Build.0 = Debug|Any CPU
		{2ADD05D9-B775-4EC2-B315-DE53350E7702}.Release|Any CPU.ActiveCfg = Release|Any CPU
		{2ADD05D9-B775-4EC2-B315-DE53350E7702}.Release|Any CPU.Build.0 = Release|Any CPU
	EndGlobalSection
	GlobalSection(SolutionProperties) = preSolution
		HideSolutionNode = FALSE
	EndGlobalSection
	GlobalSection(NestedProjects) = preSolution
		{2ADD05D9-B775-4EC2-B315-DE53350E7702} = {B3106721-F7FA-44F4-8FCC-71125BF7D264}
	EndGlobalSection
	GlobalSection(ExtensibilityGlobals) = postSolution
		SolutionGuid = {34DB270E-1B72-4C01-83CE-D0D73C859EAF}
	EndGlobalSection
EndGlobal
