
Microsoft Visual Studio Solution File, Format Version 12.00
# Visual Studio 14
VisualStudioVersion = 14.0.25420.1
MinimumVisualStudioVersion = 10.0.40219.1
Project("{8BB2217D-0F2D-49D1-97BC-3654ED321F3B}") = "Mojio.Platform.SDK", "Mojio.Platform.SDK\Mojio.Platform.SDK.xproj", "{69C5DAE9-9C5D-4F8E-B287-0A1D03207BB0}"
EndProject
Project("{8BB2217D-0F2D-49D1-97BC-3654ED321F3B}") = "Mojio.Platform.SDK.Contracts", "Mojio.Platform.SDK.Contracts\Mojio.Platform.SDK.Contracts.xproj", "{36F2C1B1-7919-4367-9645-7EB126672007}"
EndProject
Project("{8BB2217D-0F2D-49D1-97BC-3654ED321F3B}") = "Mojio.Platform.SDK.DI", "Mojio.Platform.SDK.DI\Mojio.Platform.SDK.DI.xproj", "{D7EBF304-6D11-4608-842A-B3160B5E924A}"
EndProject
Project("{8BB2217D-0F2D-49D1-97BC-3654ED321F3B}") = "Mojio.Platform.SDK.Live", "Mojio.Platform.SDK.Live\Mojio.Platform.SDK.Live.xproj", "{774EB3EA-73D4-41F4-85D1-44CF53FCB742}"
EndProject
Project("{8BB2217D-0F2D-49D1-97BC-3654ED321F3B}") = "Mojio.Platform.SDK.Bot", "Mojio.Platform.SDK.Bot\Mojio.Platform.SDK.Bot.xproj", "{9FB800B4-99AE-4BC0-A368-4F93C6E5061D}"
EndProject
Project("{8BB2217D-0F2D-49D1-97BC-3654ED321F3B}") = "Mojio.Platform.SDK.SimpleClient", "Mojio.Platform.SDK.SimpleClient\Mojio.Platform.SDK.SimpleClient.xproj", "{77552E22-BBC6-49B1-8995-9B3B8FB02296}"
EndProject
Project("{8BB2217D-0F2D-49D1-97BC-3654ED321F3B}") = "Mojio.Platform.SDK.CLI", "Mojio.Platform.SDK.CLI\Mojio.Platform.SDK.CLI.xproj", "{FFA4AB0B-44E2-4962-BEB7-0920460D976C}"
EndProject
Project("{8BB2217D-0F2D-49D1-97BC-3654ED321F3B}") = "Mojio.Platform.SDK.Live.WebSocket", "Mojio.Platform.SDK.Live.WebSocket\Mojio.Platform.SDK.Live.WebSocket.xproj", "{2CEEEEF6-5BAD-4468-9732-9D387417D253}"
EndProject
Project("{2150E333-8FDC-42A3-9474-1A3956D46DE8}") = ".nuget", ".nuget", "{F070F0A6-69FA-49F3-9BEF-275517C296E7}"
	ProjectSection(SolutionItems) = preProject
		Mojio.Platform.SDK.Bot.nuspec = Mojio.Platform.SDK.Bot.nuspec
		Mojio.Platform.SDK.Contracts.nuspec = Mojio.Platform.SDK.Contracts.nuspec
		Mojio.Platform.SDK.DI.nuspec = Mojio.Platform.SDK.DI.nuspec
		Mojio.Platform.SDK.Live.nuspec = Mojio.Platform.SDK.Live.nuspec
		Mojio.Platform.SDK.nuspec = Mojio.Platform.SDK.nuspec
		Mojio.Platform.SDK.SimpleClient.nuspec = Mojio.Platform.SDK.SimpleClient.nuspec
	EndProjectSection
EndProject
Project("{8BB2217D-0F2D-49D1-97BC-3654ED321F3B}") = "Mojio.Platform.SDK.ElasticSearchLogging", "Mojio.Platform.SDK.ElasticSearchLogging\Mojio.Platform.SDK.ElasticSearchLogging.xproj", "{526E5877-8476-4813-B6E2-281DE87B948E}"
EndProject
Global
	GlobalSection(SolutionConfigurationPlatforms) = preSolution
		Ad-Hoc|Any CPU = Ad-Hoc|Any CPU
		Ad-Hoc|ARM = Ad-Hoc|ARM
		Ad-Hoc|iPhone = Ad-Hoc|iPhone
		Ad-Hoc|iPhoneSimulator = Ad-Hoc|iPhoneSimulator
		Ad-Hoc|x64 = Ad-Hoc|x64
		Ad-Hoc|x86 = Ad-Hoc|x86
		AppStore|Any CPU = AppStore|Any CPU
		AppStore|ARM = AppStore|ARM
		AppStore|iPhone = AppStore|iPhone
		AppStore|iPhoneSimulator = AppStore|iPhoneSimulator
		AppStore|x64 = AppStore|x64
		AppStore|x86 = AppStore|x86
		Debug|Any CPU = Debug|Any CPU
		Debug|ARM = Debug|ARM
		Debug|iPhone = Debug|iPhone
		Debug|iPhoneSimulator = Debug|iPhoneSimulator
		Debug|x64 = Debug|x64
		Debug|x86 = Debug|x86
		PCL|Any CPU = PCL|Any CPU
		PCL|ARM = PCL|ARM
		PCL|iPhone = PCL|iPhone
		PCL|iPhoneSimulator = PCL|iPhoneSimulator
		PCL|x64 = PCL|x64
		PCL|x86 = PCL|x86
		Release|Any CPU = Release|Any CPU
		Release|ARM = Release|ARM
		Release|iPhone = Release|iPhone
		Release|iPhoneSimulator = Release|iPhoneSimulator
		Release|x64 = Release|x64
		Release|x86 = Release|x86
	EndGlobalSection
	GlobalSection(ProjectConfigurationPlatforms) = postSolution
		{69C5DAE9-9C5D-4F8E-B287-0A1D03207BB0}.Ad-Hoc|Any CPU.ActiveCfg = Debug|Any CPU
		{69C5DAE9-9C5D-4F8E-B287-0A1D03207BB0}.Ad-Hoc|Any CPU.Build.0 = Debug|Any CPU
		{69C5DAE9-9C5D-4F8E-B287-0A1D03207BB0}.Ad-Hoc|ARM.ActiveCfg = Debug|Any CPU
		{69C5DAE9-9C5D-4F8E-B287-0A1D03207BB0}.Ad-Hoc|ARM.Build.0 = Debug|Any CPU
		{69C5DAE9-9C5D-4F8E-B287-0A1D03207BB0}.Ad-Hoc|iPhone.ActiveCfg = Debug|Any CPU
		{69C5DAE9-9C5D-4F8E-B287-0A1D03207BB0}.Ad-Hoc|iPhone.Build.0 = Debug|Any CPU
		{69C5DAE9-9C5D-4F8E-B287-0A1D03207BB0}.Ad-Hoc|iPhoneSimulator.ActiveCfg = Debug|Any CPU
		{69C5DAE9-9C5D-4F8E-B287-0A1D03207BB0}.Ad-Hoc|iPhoneSimulator.Build.0 = Debug|Any CPU
		{69C5DAE9-9C5D-4F8E-B287-0A1D03207BB0}.Ad-Hoc|x64.ActiveCfg = Debug|Any CPU
		{69C5DAE9-9C5D-4F8E-B287-0A1D03207BB0}.Ad-Hoc|x64.Build.0 = Debug|Any CPU
		{69C5DAE9-9C5D-4F8E-B287-0A1D03207BB0}.Ad-Hoc|x86.ActiveCfg = Debug|Any CPU
		{69C5DAE9-9C5D-4F8E-B287-0A1D03207BB0}.Ad-Hoc|x86.Build.0 = Debug|Any CPU
		{69C5DAE9-9C5D-4F8E-B287-0A1D03207BB0}.AppStore|Any CPU.ActiveCfg = Debug|Any CPU
		{69C5DAE9-9C5D-4F8E-B287-0A1D03207BB0}.AppStore|Any CPU.Build.0 = Debug|Any CPU
		{69C5DAE9-9C5D-4F8E-B287-0A1D03207BB0}.AppStore|ARM.ActiveCfg = Debug|Any CPU
		{69C5DAE9-9C5D-4F8E-B287-0A1D03207BB0}.AppStore|ARM.Build.0 = Debug|Any CPU
		{69C5DAE9-9C5D-4F8E-B287-0A1D03207BB0}.AppStore|iPhone.ActiveCfg = Debug|Any CPU
		{69C5DAE9-9C5D-4F8E-B287-0A1D03207BB0}.AppStore|iPhone.Build.0 = Debug|Any CPU
		{69C5DAE9-9C5D-4F8E-B287-0A1D03207BB0}.AppStore|iPhoneSimulator.ActiveCfg = Debug|Any CPU
		{69C5DAE9-9C5D-4F8E-B287-0A1D03207BB0}.AppStore|iPhoneSimulator.Build.0 = Debug|Any CPU
		{69C5DAE9-9C5D-4F8E-B287-0A1D03207BB0}.AppStore|x64.ActiveCfg = Debug|Any CPU
		{69C5DAE9-9C5D-4F8E-B287-0A1D03207BB0}.AppStore|x64.Build.0 = Debug|Any CPU
		{69C5DAE9-9C5D-4F8E-B287-0A1D03207BB0}.AppStore|x86.ActiveCfg = Debug|Any CPU
		{69C5DAE9-9C5D-4F8E-B287-0A1D03207BB0}.AppStore|x86.Build.0 = Debug|Any CPU
		{69C5DAE9-9C5D-4F8E-B287-0A1D03207BB0}.Debug|Any CPU.ActiveCfg = Debug|Any CPU
		{69C5DAE9-9C5D-4F8E-B287-0A1D03207BB0}.Debug|Any CPU.Build.0 = Debug|Any CPU
		{69C5DAE9-9C5D-4F8E-B287-0A1D03207BB0}.Debug|ARM.ActiveCfg = Debug|Any CPU
		{69C5DAE9-9C5D-4F8E-B287-0A1D03207BB0}.Debug|ARM.Build.0 = Debug|Any CPU
		{69C5DAE9-9C5D-4F8E-B287-0A1D03207BB0}.Debug|iPhone.ActiveCfg = Debug|Any CPU
		{69C5DAE9-9C5D-4F8E-B287-0A1D03207BB0}.Debug|iPhone.Build.0 = Debug|Any CPU
		{69C5DAE9-9C5D-4F8E-B287-0A1D03207BB0}.Debug|iPhoneSimulator.ActiveCfg = Debug|Any CPU
		{69C5DAE9-9C5D-4F8E-B287-0A1D03207BB0}.Debug|iPhoneSimulator.Build.0 = Debug|Any CPU
		{69C5DAE9-9C5D-4F8E-B287-0A1D03207BB0}.Debug|x64.ActiveCfg = Debug|Any CPU
		{69C5DAE9-9C5D-4F8E-B287-0A1D03207BB0}.Debug|x64.Build.0 = Debug|Any CPU
		{69C5DAE9-9C5D-4F8E-B287-0A1D03207BB0}.Debug|x86.ActiveCfg = Debug|Any CPU
		{69C5DAE9-9C5D-4F8E-B287-0A1D03207BB0}.Debug|x86.Build.0 = Debug|Any CPU
		{69C5DAE9-9C5D-4F8E-B287-0A1D03207BB0}.PCL|Any CPU.ActiveCfg = Release|Any CPU
		{69C5DAE9-9C5D-4F8E-B287-0A1D03207BB0}.PCL|ARM.ActiveCfg = Release|Any CPU
		{69C5DAE9-9C5D-4F8E-B287-0A1D03207BB0}.PCL|ARM.Build.0 = Release|Any CPU
		{69C5DAE9-9C5D-4F8E-B287-0A1D03207BB0}.PCL|iPhone.ActiveCfg = Release|Any CPU
		{69C5DAE9-9C5D-4F8E-B287-0A1D03207BB0}.PCL|iPhone.Build.0 = Release|Any CPU
		{69C5DAE9-9C5D-4F8E-B287-0A1D03207BB0}.PCL|iPhoneSimulator.ActiveCfg = Release|Any CPU
		{69C5DAE9-9C5D-4F8E-B287-0A1D03207BB0}.PCL|iPhoneSimulator.Build.0 = Release|Any CPU
		{69C5DAE9-9C5D-4F8E-B287-0A1D03207BB0}.PCL|x64.ActiveCfg = Release|Any CPU
		{69C5DAE9-9C5D-4F8E-B287-0A1D03207BB0}.PCL|x64.Build.0 = Release|Any CPU
		{69C5DAE9-9C5D-4F8E-B287-0A1D03207BB0}.PCL|x86.ActiveCfg = Release|Any CPU
		{69C5DAE9-9C5D-4F8E-B287-0A1D03207BB0}.PCL|x86.Build.0 = Release|Any CPU
		{69C5DAE9-9C5D-4F8E-B287-0A1D03207BB0}.Release|Any CPU.ActiveCfg = Release|Any CPU
		{69C5DAE9-9C5D-4F8E-B287-0A1D03207BB0}.Release|Any CPU.Build.0 = Release|Any CPU
		{69C5DAE9-9C5D-4F8E-B287-0A1D03207BB0}.Release|ARM.ActiveCfg = Release|Any CPU
		{69C5DAE9-9C5D-4F8E-B287-0A1D03207BB0}.Release|ARM.Build.0 = Release|Any CPU
		{69C5DAE9-9C5D-4F8E-B287-0A1D03207BB0}.Release|iPhone.ActiveCfg = Release|Any CPU
		{69C5DAE9-9C5D-4F8E-B287-0A1D03207BB0}.Release|iPhone.Build.0 = Release|Any CPU
		{69C5DAE9-9C5D-4F8E-B287-0A1D03207BB0}.Release|iPhoneSimulator.ActiveCfg = Release|Any CPU
		{69C5DAE9-9C5D-4F8E-B287-0A1D03207BB0}.Release|iPhoneSimulator.Build.0 = Release|Any CPU
		{69C5DAE9-9C5D-4F8E-B287-0A1D03207BB0}.Release|x64.ActiveCfg = Release|Any CPU
		{69C5DAE9-9C5D-4F8E-B287-0A1D03207BB0}.Release|x64.Build.0 = Release|Any CPU
		{69C5DAE9-9C5D-4F8E-B287-0A1D03207BB0}.Release|x86.ActiveCfg = Release|Any CPU
		{69C5DAE9-9C5D-4F8E-B287-0A1D03207BB0}.Release|x86.Build.0 = Release|Any CPU
		{36F2C1B1-7919-4367-9645-7EB126672007}.Ad-Hoc|Any CPU.ActiveCfg = Debug|Any CPU
		{36F2C1B1-7919-4367-9645-7EB126672007}.Ad-Hoc|Any CPU.Build.0 = Debug|Any CPU
		{36F2C1B1-7919-4367-9645-7EB126672007}.Ad-Hoc|ARM.ActiveCfg = Debug|Any CPU
		{36F2C1B1-7919-4367-9645-7EB126672007}.Ad-Hoc|ARM.Build.0 = Debug|Any CPU
		{36F2C1B1-7919-4367-9645-7EB126672007}.Ad-Hoc|iPhone.ActiveCfg = Debug|Any CPU
		{36F2C1B1-7919-4367-9645-7EB126672007}.Ad-Hoc|iPhone.Build.0 = Debug|Any CPU
		{36F2C1B1-7919-4367-9645-7EB126672007}.Ad-Hoc|iPhoneSimulator.ActiveCfg = Debug|Any CPU
		{36F2C1B1-7919-4367-9645-7EB126672007}.Ad-Hoc|iPhoneSimulator.Build.0 = Debug|Any CPU
		{36F2C1B1-7919-4367-9645-7EB126672007}.Ad-Hoc|x64.ActiveCfg = Debug|Any CPU
		{36F2C1B1-7919-4367-9645-7EB126672007}.Ad-Hoc|x64.Build.0 = Debug|Any CPU
		{36F2C1B1-7919-4367-9645-7EB126672007}.Ad-Hoc|x86.ActiveCfg = Debug|Any CPU
		{36F2C1B1-7919-4367-9645-7EB126672007}.Ad-Hoc|x86.Build.0 = Debug|Any CPU
		{36F2C1B1-7919-4367-9645-7EB126672007}.AppStore|Any CPU.ActiveCfg = Debug|Any CPU
		{36F2C1B1-7919-4367-9645-7EB126672007}.AppStore|Any CPU.Build.0 = Debug|Any CPU
		{36F2C1B1-7919-4367-9645-7EB126672007}.AppStore|ARM.ActiveCfg = Debug|Any CPU
		{36F2C1B1-7919-4367-9645-7EB126672007}.AppStore|ARM.Build.0 = Debug|Any CPU
		{36F2C1B1-7919-4367-9645-7EB126672007}.AppStore|iPhone.ActiveCfg = Debug|Any CPU
		{36F2C1B1-7919-4367-9645-7EB126672007}.AppStore|iPhone.Build.0 = Debug|Any CPU
		{36F2C1B1-7919-4367-9645-7EB126672007}.AppStore|iPhoneSimulator.ActiveCfg = Debug|Any CPU
		{36F2C1B1-7919-4367-9645-7EB126672007}.AppStore|iPhoneSimulator.Build.0 = Debug|Any CPU
		{36F2C1B1-7919-4367-9645-7EB126672007}.AppStore|x64.ActiveCfg = Debug|Any CPU
		{36F2C1B1-7919-4367-9645-7EB126672007}.AppStore|x64.Build.0 = Debug|Any CPU
		{36F2C1B1-7919-4367-9645-7EB126672007}.AppStore|x86.ActiveCfg = Debug|Any CPU
		{36F2C1B1-7919-4367-9645-7EB126672007}.AppStore|x86.Build.0 = Debug|Any CPU
		{36F2C1B1-7919-4367-9645-7EB126672007}.Debug|Any CPU.ActiveCfg = Debug|Any CPU
		{36F2C1B1-7919-4367-9645-7EB126672007}.Debug|Any CPU.Build.0 = Debug|Any CPU
		{36F2C1B1-7919-4367-9645-7EB126672007}.Debug|ARM.ActiveCfg = Debug|Any CPU
		{36F2C1B1-7919-4367-9645-7EB126672007}.Debug|ARM.Build.0 = Debug|Any CPU
		{36F2C1B1-7919-4367-9645-7EB126672007}.Debug|iPhone.ActiveCfg = Debug|Any CPU
		{36F2C1B1-7919-4367-9645-7EB126672007}.Debug|iPhone.Build.0 = Debug|Any CPU
		{36F2C1B1-7919-4367-9645-7EB126672007}.Debug|iPhoneSimulator.ActiveCfg = Debug|Any CPU
		{36F2C1B1-7919-4367-9645-7EB126672007}.Debug|iPhoneSimulator.Build.0 = Debug|Any CPU
		{36F2C1B1-7919-4367-9645-7EB126672007}.Debug|x64.ActiveCfg = Debug|Any CPU
		{36F2C1B1-7919-4367-9645-7EB126672007}.Debug|x64.Build.0 = Debug|Any CPU
		{36F2C1B1-7919-4367-9645-7EB126672007}.Debug|x86.ActiveCfg = Debug|Any CPU
		{36F2C1B1-7919-4367-9645-7EB126672007}.Debug|x86.Build.0 = Debug|Any CPU
		{36F2C1B1-7919-4367-9645-7EB126672007}.PCL|Any CPU.ActiveCfg = Release|Any CPU
		{36F2C1B1-7919-4367-9645-7EB126672007}.PCL|ARM.ActiveCfg = Release|Any CPU
		{36F2C1B1-7919-4367-9645-7EB126672007}.PCL|ARM.Build.0 = Release|Any CPU
		{36F2C1B1-7919-4367-9645-7EB126672007}.PCL|iPhone.ActiveCfg = Release|Any CPU
		{36F2C1B1-7919-4367-9645-7EB126672007}.PCL|iPhone.Build.0 = Release|Any CPU
		{36F2C1B1-7919-4367-9645-7EB126672007}.PCL|iPhoneSimulator.ActiveCfg = Release|Any CPU
		{36F2C1B1-7919-4367-9645-7EB126672007}.PCL|iPhoneSimulator.Build.0 = Release|Any CPU
		{36F2C1B1-7919-4367-9645-7EB126672007}.PCL|x64.ActiveCfg = Release|Any CPU
		{36F2C1B1-7919-4367-9645-7EB126672007}.PCL|x64.Build.0 = Release|Any CPU
		{36F2C1B1-7919-4367-9645-7EB126672007}.PCL|x86.ActiveCfg = Release|Any CPU
		{36F2C1B1-7919-4367-9645-7EB126672007}.PCL|x86.Build.0 = Release|Any CPU
		{36F2C1B1-7919-4367-9645-7EB126672007}.Release|Any CPU.ActiveCfg = Release|Any CPU
		{36F2C1B1-7919-4367-9645-7EB126672007}.Release|Any CPU.Build.0 = Release|Any CPU
		{36F2C1B1-7919-4367-9645-7EB126672007}.Release|ARM.ActiveCfg = Release|Any CPU
		{36F2C1B1-7919-4367-9645-7EB126672007}.Release|ARM.Build.0 = Release|Any CPU
		{36F2C1B1-7919-4367-9645-7EB126672007}.Release|iPhone.ActiveCfg = Release|Any CPU
		{36F2C1B1-7919-4367-9645-7EB126672007}.Release|iPhone.Build.0 = Release|Any CPU
		{36F2C1B1-7919-4367-9645-7EB126672007}.Release|iPhoneSimulator.ActiveCfg = Release|Any CPU
		{36F2C1B1-7919-4367-9645-7EB126672007}.Release|iPhoneSimulator.Build.0 = Release|Any CPU
		{36F2C1B1-7919-4367-9645-7EB126672007}.Release|x64.ActiveCfg = Release|Any CPU
		{36F2C1B1-7919-4367-9645-7EB126672007}.Release|x64.Build.0 = Release|Any CPU
		{36F2C1B1-7919-4367-9645-7EB126672007}.Release|x86.ActiveCfg = Release|Any CPU
		{36F2C1B1-7919-4367-9645-7EB126672007}.Release|x86.Build.0 = Release|Any CPU
		{D7EBF304-6D11-4608-842A-B3160B5E924A}.Ad-Hoc|Any CPU.ActiveCfg = Debug|Any CPU
		{D7EBF304-6D11-4608-842A-B3160B5E924A}.Ad-Hoc|Any CPU.Build.0 = Debug|Any CPU
		{D7EBF304-6D11-4608-842A-B3160B5E924A}.Ad-Hoc|ARM.ActiveCfg = Debug|Any CPU
		{D7EBF304-6D11-4608-842A-B3160B5E924A}.Ad-Hoc|ARM.Build.0 = Debug|Any CPU
		{D7EBF304-6D11-4608-842A-B3160B5E924A}.Ad-Hoc|iPhone.ActiveCfg = Debug|Any CPU
		{D7EBF304-6D11-4608-842A-B3160B5E924A}.Ad-Hoc|iPhone.Build.0 = Debug|Any CPU
		{D7EBF304-6D11-4608-842A-B3160B5E924A}.Ad-Hoc|iPhoneSimulator.ActiveCfg = Debug|Any CPU
		{D7EBF304-6D11-4608-842A-B3160B5E924A}.Ad-Hoc|iPhoneSimulator.Build.0 = Debug|Any CPU
		{D7EBF304-6D11-4608-842A-B3160B5E924A}.Ad-Hoc|x64.ActiveCfg = Debug|Any CPU
		{D7EBF304-6D11-4608-842A-B3160B5E924A}.Ad-Hoc|x64.Build.0 = Debug|Any CPU
		{D7EBF304-6D11-4608-842A-B3160B5E924A}.Ad-Hoc|x86.ActiveCfg = Debug|Any CPU
		{D7EBF304-6D11-4608-842A-B3160B5E924A}.Ad-Hoc|x86.Build.0 = Debug|Any CPU
		{D7EBF304-6D11-4608-842A-B3160B5E924A}.AppStore|Any CPU.ActiveCfg = Debug|Any CPU
		{D7EBF304-6D11-4608-842A-B3160B5E924A}.AppStore|Any CPU.Build.0 = Debug|Any CPU
		{D7EBF304-6D11-4608-842A-B3160B5E924A}.AppStore|ARM.ActiveCfg = Debug|Any CPU
		{D7EBF304-6D11-4608-842A-B3160B5E924A}.AppStore|ARM.Build.0 = Debug|Any CPU
		{D7EBF304-6D11-4608-842A-B3160B5E924A}.AppStore|iPhone.ActiveCfg = Debug|Any CPU
		{D7EBF304-6D11-4608-842A-B3160B5E924A}.AppStore|iPhone.Build.0 = Debug|Any CPU
		{D7EBF304-6D11-4608-842A-B3160B5E924A}.AppStore|iPhoneSimulator.ActiveCfg = Debug|Any CPU
		{D7EBF304-6D11-4608-842A-B3160B5E924A}.AppStore|iPhoneSimulator.Build.0 = Debug|Any CPU
		{D7EBF304-6D11-4608-842A-B3160B5E924A}.AppStore|x64.ActiveCfg = Debug|Any CPU
		{D7EBF304-6D11-4608-842A-B3160B5E924A}.AppStore|x64.Build.0 = Debug|Any CPU
		{D7EBF304-6D11-4608-842A-B3160B5E924A}.AppStore|x86.ActiveCfg = Debug|Any CPU
		{D7EBF304-6D11-4608-842A-B3160B5E924A}.AppStore|x86.Build.0 = Debug|Any CPU
		{D7EBF304-6D11-4608-842A-B3160B5E924A}.Debug|Any CPU.ActiveCfg = Debug|Any CPU
		{D7EBF304-6D11-4608-842A-B3160B5E924A}.Debug|Any CPU.Build.0 = Debug|Any CPU
		{D7EBF304-6D11-4608-842A-B3160B5E924A}.Debug|ARM.ActiveCfg = Debug|Any CPU
		{D7EBF304-6D11-4608-842A-B3160B5E924A}.Debug|ARM.Build.0 = Debug|Any CPU
		{D7EBF304-6D11-4608-842A-B3160B5E924A}.Debug|iPhone.ActiveCfg = Debug|Any CPU
		{D7EBF304-6D11-4608-842A-B3160B5E924A}.Debug|iPhone.Build.0 = Debug|Any CPU
		{D7EBF304-6D11-4608-842A-B3160B5E924A}.Debug|iPhoneSimulator.ActiveCfg = Debug|Any CPU
		{D7EBF304-6D11-4608-842A-B3160B5E924A}.Debug|iPhoneSimulator.Build.0 = Debug|Any CPU
		{D7EBF304-6D11-4608-842A-B3160B5E924A}.Debug|x64.ActiveCfg = Debug|Any CPU
		{D7EBF304-6D11-4608-842A-B3160B5E924A}.Debug|x64.Build.0 = Debug|Any CPU
		{D7EBF304-6D11-4608-842A-B3160B5E924A}.Debug|x86.ActiveCfg = Debug|Any CPU
		{D7EBF304-6D11-4608-842A-B3160B5E924A}.Debug|x86.Build.0 = Debug|Any CPU
		{D7EBF304-6D11-4608-842A-B3160B5E924A}.PCL|Any CPU.ActiveCfg = Release|Any CPU
		{D7EBF304-6D11-4608-842A-B3160B5E924A}.PCL|ARM.ActiveCfg = Release|Any CPU
		{D7EBF304-6D11-4608-842A-B3160B5E924A}.PCL|ARM.Build.0 = Release|Any CPU
		{D7EBF304-6D11-4608-842A-B3160B5E924A}.PCL|iPhone.ActiveCfg = Release|Any CPU
		{D7EBF304-6D11-4608-842A-B3160B5E924A}.PCL|iPhone.Build.0 = Release|Any CPU
		{D7EBF304-6D11-4608-842A-B3160B5E924A}.PCL|iPhoneSimulator.ActiveCfg = Release|Any CPU
		{D7EBF304-6D11-4608-842A-B3160B5E924A}.PCL|iPhoneSimulator.Build.0 = Release|Any CPU
		{D7EBF304-6D11-4608-842A-B3160B5E924A}.PCL|x64.ActiveCfg = Release|Any CPU
		{D7EBF304-6D11-4608-842A-B3160B5E924A}.PCL|x64.Build.0 = Release|Any CPU
		{D7EBF304-6D11-4608-842A-B3160B5E924A}.PCL|x86.ActiveCfg = Release|Any CPU
		{D7EBF304-6D11-4608-842A-B3160B5E924A}.PCL|x86.Build.0 = Release|Any CPU
		{D7EBF304-6D11-4608-842A-B3160B5E924A}.Release|Any CPU.ActiveCfg = Release|Any CPU
		{D7EBF304-6D11-4608-842A-B3160B5E924A}.Release|Any CPU.Build.0 = Release|Any CPU
		{D7EBF304-6D11-4608-842A-B3160B5E924A}.Release|ARM.ActiveCfg = Release|Any CPU
		{D7EBF304-6D11-4608-842A-B3160B5E924A}.Release|ARM.Build.0 = Release|Any CPU
		{D7EBF304-6D11-4608-842A-B3160B5E924A}.Release|iPhone.ActiveCfg = Release|Any CPU
		{D7EBF304-6D11-4608-842A-B3160B5E924A}.Release|iPhone.Build.0 = Release|Any CPU
		{D7EBF304-6D11-4608-842A-B3160B5E924A}.Release|iPhoneSimulator.ActiveCfg = Release|Any CPU
		{D7EBF304-6D11-4608-842A-B3160B5E924A}.Release|iPhoneSimulator.Build.0 = Release|Any CPU
		{D7EBF304-6D11-4608-842A-B3160B5E924A}.Release|x64.ActiveCfg = Release|Any CPU
		{D7EBF304-6D11-4608-842A-B3160B5E924A}.Release|x64.Build.0 = Release|Any CPU
		{D7EBF304-6D11-4608-842A-B3160B5E924A}.Release|x86.ActiveCfg = Release|Any CPU
		{D7EBF304-6D11-4608-842A-B3160B5E924A}.Release|x86.Build.0 = Release|Any CPU
		{774EB3EA-73D4-41F4-85D1-44CF53FCB742}.Ad-Hoc|Any CPU.ActiveCfg = Debug|Any CPU
		{774EB3EA-73D4-41F4-85D1-44CF53FCB742}.Ad-Hoc|Any CPU.Build.0 = Debug|Any CPU
		{774EB3EA-73D4-41F4-85D1-44CF53FCB742}.Ad-Hoc|ARM.ActiveCfg = Debug|Any CPU
		{774EB3EA-73D4-41F4-85D1-44CF53FCB742}.Ad-Hoc|ARM.Build.0 = Debug|Any CPU
		{774EB3EA-73D4-41F4-85D1-44CF53FCB742}.Ad-Hoc|iPhone.ActiveCfg = Debug|Any CPU
		{774EB3EA-73D4-41F4-85D1-44CF53FCB742}.Ad-Hoc|iPhone.Build.0 = Debug|Any CPU
		{774EB3EA-73D4-41F4-85D1-44CF53FCB742}.Ad-Hoc|iPhoneSimulator.ActiveCfg = Debug|Any CPU
		{774EB3EA-73D4-41F4-85D1-44CF53FCB742}.Ad-Hoc|iPhoneSimulator.Build.0 = Debug|Any CPU
		{774EB3EA-73D4-41F4-85D1-44CF53FCB742}.Ad-Hoc|x64.ActiveCfg = Debug|Any CPU
		{774EB3EA-73D4-41F4-85D1-44CF53FCB742}.Ad-Hoc|x64.Build.0 = Debug|Any CPU
		{774EB3EA-73D4-41F4-85D1-44CF53FCB742}.Ad-Hoc|x86.ActiveCfg = Debug|Any CPU
		{774EB3EA-73D4-41F4-85D1-44CF53FCB742}.Ad-Hoc|x86.Build.0 = Debug|Any CPU
		{774EB3EA-73D4-41F4-85D1-44CF53FCB742}.AppStore|Any CPU.ActiveCfg = Debug|Any CPU
		{774EB3EA-73D4-41F4-85D1-44CF53FCB742}.AppStore|Any CPU.Build.0 = Debug|Any CPU
		{774EB3EA-73D4-41F4-85D1-44CF53FCB742}.AppStore|ARM.ActiveCfg = Debug|Any CPU
		{774EB3EA-73D4-41F4-85D1-44CF53FCB742}.AppStore|ARM.Build.0 = Debug|Any CPU
		{774EB3EA-73D4-41F4-85D1-44CF53FCB742}.AppStore|iPhone.ActiveCfg = Debug|Any CPU
		{774EB3EA-73D4-41F4-85D1-44CF53FCB742}.AppStore|iPhone.Build.0 = Debug|Any CPU
		{774EB3EA-73D4-41F4-85D1-44CF53FCB742}.AppStore|iPhoneSimulator.ActiveCfg = Debug|Any CPU
		{774EB3EA-73D4-41F4-85D1-44CF53FCB742}.AppStore|iPhoneSimulator.Build.0 = Debug|Any CPU
		{774EB3EA-73D4-41F4-85D1-44CF53FCB742}.AppStore|x64.ActiveCfg = Debug|Any CPU
		{774EB3EA-73D4-41F4-85D1-44CF53FCB742}.AppStore|x64.Build.0 = Debug|Any CPU
		{774EB3EA-73D4-41F4-85D1-44CF53FCB742}.AppStore|x86.ActiveCfg = Debug|Any CPU
		{774EB3EA-73D4-41F4-85D1-44CF53FCB742}.AppStore|x86.Build.0 = Debug|Any CPU
		{774EB3EA-73D4-41F4-85D1-44CF53FCB742}.Debug|Any CPU.ActiveCfg = Debug|Any CPU
		{774EB3EA-73D4-41F4-85D1-44CF53FCB742}.Debug|Any CPU.Build.0 = Debug|Any CPU
		{774EB3EA-73D4-41F4-85D1-44CF53FCB742}.Debug|ARM.ActiveCfg = Debug|Any CPU
		{774EB3EA-73D4-41F4-85D1-44CF53FCB742}.Debug|ARM.Build.0 = Debug|Any CPU
		{774EB3EA-73D4-41F4-85D1-44CF53FCB742}.Debug|iPhone.ActiveCfg = Debug|Any CPU
		{774EB3EA-73D4-41F4-85D1-44CF53FCB742}.Debug|iPhone.Build.0 = Debug|Any CPU
		{774EB3EA-73D4-41F4-85D1-44CF53FCB742}.Debug|iPhoneSimulator.ActiveCfg = Debug|Any CPU
		{774EB3EA-73D4-41F4-85D1-44CF53FCB742}.Debug|iPhoneSimulator.Build.0 = Debug|Any CPU
		{774EB3EA-73D4-41F4-85D1-44CF53FCB742}.Debug|x64.ActiveCfg = Debug|Any CPU
		{774EB3EA-73D4-41F4-85D1-44CF53FCB742}.Debug|x64.Build.0 = Debug|Any CPU
		{774EB3EA-73D4-41F4-85D1-44CF53FCB742}.Debug|x86.ActiveCfg = Debug|Any CPU
		{774EB3EA-73D4-41F4-85D1-44CF53FCB742}.Debug|x86.Build.0 = Debug|Any CPU
		{774EB3EA-73D4-41F4-85D1-44CF53FCB742}.PCL|Any CPU.ActiveCfg = Release|Any CPU
		{774EB3EA-73D4-41F4-85D1-44CF53FCB742}.PCL|ARM.ActiveCfg = Release|Any CPU
		{774EB3EA-73D4-41F4-85D1-44CF53FCB742}.PCL|ARM.Build.0 = Release|Any CPU
		{774EB3EA-73D4-41F4-85D1-44CF53FCB742}.PCL|iPhone.ActiveCfg = Release|Any CPU
		{774EB3EA-73D4-41F4-85D1-44CF53FCB742}.PCL|iPhone.Build.0 = Release|Any CPU
		{774EB3EA-73D4-41F4-85D1-44CF53FCB742}.PCL|iPhoneSimulator.ActiveCfg = Release|Any CPU
		{774EB3EA-73D4-41F4-85D1-44CF53FCB742}.PCL|iPhoneSimulator.Build.0 = Release|Any CPU
		{774EB3EA-73D4-41F4-85D1-44CF53FCB742}.PCL|x64.ActiveCfg = Release|Any CPU
		{774EB3EA-73D4-41F4-85D1-44CF53FCB742}.PCL|x64.Build.0 = Release|Any CPU
		{774EB3EA-73D4-41F4-85D1-44CF53FCB742}.PCL|x86.ActiveCfg = Release|Any CPU
		{774EB3EA-73D4-41F4-85D1-44CF53FCB742}.PCL|x86.Build.0 = Release|Any CPU
		{774EB3EA-73D4-41F4-85D1-44CF53FCB742}.Release|Any CPU.ActiveCfg = Release|Any CPU
		{774EB3EA-73D4-41F4-85D1-44CF53FCB742}.Release|Any CPU.Build.0 = Release|Any CPU
		{774EB3EA-73D4-41F4-85D1-44CF53FCB742}.Release|ARM.ActiveCfg = Release|Any CPU
		{774EB3EA-73D4-41F4-85D1-44CF53FCB742}.Release|ARM.Build.0 = Release|Any CPU
		{774EB3EA-73D4-41F4-85D1-44CF53FCB742}.Release|iPhone.ActiveCfg = Release|Any CPU
		{774EB3EA-73D4-41F4-85D1-44CF53FCB742}.Release|iPhone.Build.0 = Release|Any CPU
		{774EB3EA-73D4-41F4-85D1-44CF53FCB742}.Release|iPhoneSimulator.ActiveCfg = Release|Any CPU
		{774EB3EA-73D4-41F4-85D1-44CF53FCB742}.Release|iPhoneSimulator.Build.0 = Release|Any CPU
		{774EB3EA-73D4-41F4-85D1-44CF53FCB742}.Release|x64.ActiveCfg = Release|Any CPU
		{774EB3EA-73D4-41F4-85D1-44CF53FCB742}.Release|x64.Build.0 = Release|Any CPU
		{774EB3EA-73D4-41F4-85D1-44CF53FCB742}.Release|x86.ActiveCfg = Release|Any CPU
		{774EB3EA-73D4-41F4-85D1-44CF53FCB742}.Release|x86.Build.0 = Release|Any CPU
		{9FB800B4-99AE-4BC0-A368-4F93C6E5061D}.Ad-Hoc|Any CPU.ActiveCfg = Debug|Any CPU
		{9FB800B4-99AE-4BC0-A368-4F93C6E5061D}.Ad-Hoc|Any CPU.Build.0 = Debug|Any CPU
		{9FB800B4-99AE-4BC0-A368-4F93C6E5061D}.Ad-Hoc|ARM.ActiveCfg = Debug|Any CPU
		{9FB800B4-99AE-4BC0-A368-4F93C6E5061D}.Ad-Hoc|ARM.Build.0 = Debug|Any CPU
		{9FB800B4-99AE-4BC0-A368-4F93C6E5061D}.Ad-Hoc|iPhone.ActiveCfg = Debug|Any CPU
		{9FB800B4-99AE-4BC0-A368-4F93C6E5061D}.Ad-Hoc|iPhone.Build.0 = Debug|Any CPU
		{9FB800B4-99AE-4BC0-A368-4F93C6E5061D}.Ad-Hoc|iPhoneSimulator.ActiveCfg = Debug|Any CPU
		{9FB800B4-99AE-4BC0-A368-4F93C6E5061D}.Ad-Hoc|iPhoneSimulator.Build.0 = Debug|Any CPU
		{9FB800B4-99AE-4BC0-A368-4F93C6E5061D}.Ad-Hoc|x64.ActiveCfg = Debug|Any CPU
		{9FB800B4-99AE-4BC0-A368-4F93C6E5061D}.Ad-Hoc|x64.Build.0 = Debug|Any CPU
		{9FB800B4-99AE-4BC0-A368-4F93C6E5061D}.Ad-Hoc|x86.ActiveCfg = Debug|Any CPU
		{9FB800B4-99AE-4BC0-A368-4F93C6E5061D}.Ad-Hoc|x86.Build.0 = Debug|Any CPU
		{9FB800B4-99AE-4BC0-A368-4F93C6E5061D}.AppStore|Any CPU.ActiveCfg = Debug|Any CPU
		{9FB800B4-99AE-4BC0-A368-4F93C6E5061D}.AppStore|Any CPU.Build.0 = Debug|Any CPU
		{9FB800B4-99AE-4BC0-A368-4F93C6E5061D}.AppStore|ARM.ActiveCfg = Debug|Any CPU
		{9FB800B4-99AE-4BC0-A368-4F93C6E5061D}.AppStore|ARM.Build.0 = Debug|Any CPU
		{9FB800B4-99AE-4BC0-A368-4F93C6E5061D}.AppStore|iPhone.ActiveCfg = Debug|Any CPU
		{9FB800B4-99AE-4BC0-A368-4F93C6E5061D}.AppStore|iPhone.Build.0 = Debug|Any CPU
		{9FB800B4-99AE-4BC0-A368-4F93C6E5061D}.AppStore|iPhoneSimulator.ActiveCfg = Debug|Any CPU
		{9FB800B4-99AE-4BC0-A368-4F93C6E5061D}.AppStore|iPhoneSimulator.Build.0 = Debug|Any CPU
		{9FB800B4-99AE-4BC0-A368-4F93C6E5061D}.AppStore|x64.ActiveCfg = Debug|Any CPU
		{9FB800B4-99AE-4BC0-A368-4F93C6E5061D}.AppStore|x64.Build.0 = Debug|Any CPU
		{9FB800B4-99AE-4BC0-A368-4F93C6E5061D}.AppStore|x86.ActiveCfg = Debug|Any CPU
		{9FB800B4-99AE-4BC0-A368-4F93C6E5061D}.AppStore|x86.Build.0 = Debug|Any CPU
		{9FB800B4-99AE-4BC0-A368-4F93C6E5061D}.Debug|Any CPU.ActiveCfg = Debug|Any CPU
		{9FB800B4-99AE-4BC0-A368-4F93C6E5061D}.Debug|Any CPU.Build.0 = Debug|Any CPU
		{9FB800B4-99AE-4BC0-A368-4F93C6E5061D}.Debug|ARM.ActiveCfg = Debug|Any CPU
		{9FB800B4-99AE-4BC0-A368-4F93C6E5061D}.Debug|ARM.Build.0 = Debug|Any CPU
		{9FB800B4-99AE-4BC0-A368-4F93C6E5061D}.Debug|iPhone.ActiveCfg = Debug|Any CPU
		{9FB800B4-99AE-4BC0-A368-4F93C6E5061D}.Debug|iPhone.Build.0 = Debug|Any CPU
		{9FB800B4-99AE-4BC0-A368-4F93C6E5061D}.Debug|iPhoneSimulator.ActiveCfg = Debug|Any CPU
		{9FB800B4-99AE-4BC0-A368-4F93C6E5061D}.Debug|iPhoneSimulator.Build.0 = Debug|Any CPU
		{9FB800B4-99AE-4BC0-A368-4F93C6E5061D}.Debug|x64.ActiveCfg = Debug|Any CPU
		{9FB800B4-99AE-4BC0-A368-4F93C6E5061D}.Debug|x64.Build.0 = Debug|Any CPU
		{9FB800B4-99AE-4BC0-A368-4F93C6E5061D}.Debug|x86.ActiveCfg = Debug|Any CPU
		{9FB800B4-99AE-4BC0-A368-4F93C6E5061D}.Debug|x86.Build.0 = Debug|Any CPU
		{9FB800B4-99AE-4BC0-A368-4F93C6E5061D}.PCL|Any CPU.ActiveCfg = Release|Any CPU
		{9FB800B4-99AE-4BC0-A368-4F93C6E5061D}.PCL|ARM.ActiveCfg = Release|Any CPU
		{9FB800B4-99AE-4BC0-A368-4F93C6E5061D}.PCL|ARM.Build.0 = Release|Any CPU
		{9FB800B4-99AE-4BC0-A368-4F93C6E5061D}.PCL|iPhone.ActiveCfg = Release|Any CPU
		{9FB800B4-99AE-4BC0-A368-4F93C6E5061D}.PCL|iPhone.Build.0 = Release|Any CPU
		{9FB800B4-99AE-4BC0-A368-4F93C6E5061D}.PCL|iPhoneSimulator.ActiveCfg = Release|Any CPU
		{9FB800B4-99AE-4BC0-A368-4F93C6E5061D}.PCL|iPhoneSimulator.Build.0 = Release|Any CPU
		{9FB800B4-99AE-4BC0-A368-4F93C6E5061D}.PCL|x64.ActiveCfg = Release|Any CPU
		{9FB800B4-99AE-4BC0-A368-4F93C6E5061D}.PCL|x64.Build.0 = Release|Any CPU
		{9FB800B4-99AE-4BC0-A368-4F93C6E5061D}.PCL|x86.ActiveCfg = Release|Any CPU
		{9FB800B4-99AE-4BC0-A368-4F93C6E5061D}.PCL|x86.Build.0 = Release|Any CPU
		{9FB800B4-99AE-4BC0-A368-4F93C6E5061D}.Release|Any CPU.ActiveCfg = Release|Any CPU
		{9FB800B4-99AE-4BC0-A368-4F93C6E5061D}.Release|Any CPU.Build.0 = Release|Any CPU
		{9FB800B4-99AE-4BC0-A368-4F93C6E5061D}.Release|ARM.ActiveCfg = Release|Any CPU
		{9FB800B4-99AE-4BC0-A368-4F93C6E5061D}.Release|ARM.Build.0 = Release|Any CPU
		{9FB800B4-99AE-4BC0-A368-4F93C6E5061D}.Release|iPhone.ActiveCfg = Release|Any CPU
		{9FB800B4-99AE-4BC0-A368-4F93C6E5061D}.Release|iPhone.Build.0 = Release|Any CPU
		{9FB800B4-99AE-4BC0-A368-4F93C6E5061D}.Release|iPhoneSimulator.ActiveCfg = Release|Any CPU
		{9FB800B4-99AE-4BC0-A368-4F93C6E5061D}.Release|iPhoneSimulator.Build.0 = Release|Any CPU
		{9FB800B4-99AE-4BC0-A368-4F93C6E5061D}.Release|x64.ActiveCfg = Release|Any CPU
		{9FB800B4-99AE-4BC0-A368-4F93C6E5061D}.Release|x64.Build.0 = Release|Any CPU
		{9FB800B4-99AE-4BC0-A368-4F93C6E5061D}.Release|x86.ActiveCfg = Release|Any CPU
		{9FB800B4-99AE-4BC0-A368-4F93C6E5061D}.Release|x86.Build.0 = Release|Any CPU
		{77552E22-BBC6-49B1-8995-9B3B8FB02296}.Ad-Hoc|Any CPU.ActiveCfg = Debug|Any CPU
		{77552E22-BBC6-49B1-8995-9B3B8FB02296}.Ad-Hoc|Any CPU.Build.0 = Debug|Any CPU
		{77552E22-BBC6-49B1-8995-9B3B8FB02296}.Ad-Hoc|ARM.ActiveCfg = Debug|Any CPU
		{77552E22-BBC6-49B1-8995-9B3B8FB02296}.Ad-Hoc|ARM.Build.0 = Debug|Any CPU
		{77552E22-BBC6-49B1-8995-9B3B8FB02296}.Ad-Hoc|iPhone.ActiveCfg = Debug|Any CPU
		{77552E22-BBC6-49B1-8995-9B3B8FB02296}.Ad-Hoc|iPhone.Build.0 = Debug|Any CPU
		{77552E22-BBC6-49B1-8995-9B3B8FB02296}.Ad-Hoc|iPhoneSimulator.ActiveCfg = Debug|Any CPU
		{77552E22-BBC6-49B1-8995-9B3B8FB02296}.Ad-Hoc|iPhoneSimulator.Build.0 = Debug|Any CPU
		{77552E22-BBC6-49B1-8995-9B3B8FB02296}.Ad-Hoc|x64.ActiveCfg = Debug|Any CPU
		{77552E22-BBC6-49B1-8995-9B3B8FB02296}.Ad-Hoc|x64.Build.0 = Debug|Any CPU
		{77552E22-BBC6-49B1-8995-9B3B8FB02296}.Ad-Hoc|x86.ActiveCfg = Debug|Any CPU
		{77552E22-BBC6-49B1-8995-9B3B8FB02296}.Ad-Hoc|x86.Build.0 = Debug|Any CPU
		{77552E22-BBC6-49B1-8995-9B3B8FB02296}.AppStore|Any CPU.ActiveCfg = Debug|Any CPU
		{77552E22-BBC6-49B1-8995-9B3B8FB02296}.AppStore|Any CPU.Build.0 = Debug|Any CPU
		{77552E22-BBC6-49B1-8995-9B3B8FB02296}.AppStore|ARM.ActiveCfg = Debug|Any CPU
		{77552E22-BBC6-49B1-8995-9B3B8FB02296}.AppStore|ARM.Build.0 = Debug|Any CPU
		{77552E22-BBC6-49B1-8995-9B3B8FB02296}.AppStore|iPhone.ActiveCfg = Debug|Any CPU
		{77552E22-BBC6-49B1-8995-9B3B8FB02296}.AppStore|iPhone.Build.0 = Debug|Any CPU
		{77552E22-BBC6-49B1-8995-9B3B8FB02296}.AppStore|iPhoneSimulator.ActiveCfg = Debug|Any CPU
		{77552E22-BBC6-49B1-8995-9B3B8FB02296}.AppStore|iPhoneSimulator.Build.0 = Debug|Any CPU
		{77552E22-BBC6-49B1-8995-9B3B8FB02296}.AppStore|x64.ActiveCfg = Debug|Any CPU
		{77552E22-BBC6-49B1-8995-9B3B8FB02296}.AppStore|x64.Build.0 = Debug|Any CPU
		{77552E22-BBC6-49B1-8995-9B3B8FB02296}.AppStore|x86.ActiveCfg = Debug|Any CPU
		{77552E22-BBC6-49B1-8995-9B3B8FB02296}.AppStore|x86.Build.0 = Debug|Any CPU
		{77552E22-BBC6-49B1-8995-9B3B8FB02296}.Debug|Any CPU.ActiveCfg = Debug|Any CPU
		{77552E22-BBC6-49B1-8995-9B3B8FB02296}.Debug|Any CPU.Build.0 = Debug|Any CPU
		{77552E22-BBC6-49B1-8995-9B3B8FB02296}.Debug|ARM.ActiveCfg = Debug|Any CPU
		{77552E22-BBC6-49B1-8995-9B3B8FB02296}.Debug|ARM.Build.0 = Debug|Any CPU
		{77552E22-BBC6-49B1-8995-9B3B8FB02296}.Debug|iPhone.ActiveCfg = Debug|Any CPU
		{77552E22-BBC6-49B1-8995-9B3B8FB02296}.Debug|iPhone.Build.0 = Debug|Any CPU
		{77552E22-BBC6-49B1-8995-9B3B8FB02296}.Debug|iPhoneSimulator.ActiveCfg = Debug|Any CPU
		{77552E22-BBC6-49B1-8995-9B3B8FB02296}.Debug|iPhoneSimulator.Build.0 = Debug|Any CPU
		{77552E22-BBC6-49B1-8995-9B3B8FB02296}.Debug|x64.ActiveCfg = Debug|Any CPU
		{77552E22-BBC6-49B1-8995-9B3B8FB02296}.Debug|x64.Build.0 = Debug|Any CPU
		{77552E22-BBC6-49B1-8995-9B3B8FB02296}.Debug|x86.ActiveCfg = Debug|Any CPU
		{77552E22-BBC6-49B1-8995-9B3B8FB02296}.Debug|x86.Build.0 = Debug|Any CPU
		{77552E22-BBC6-49B1-8995-9B3B8FB02296}.PCL|Any CPU.ActiveCfg = Release|Any CPU
		{77552E22-BBC6-49B1-8995-9B3B8FB02296}.PCL|ARM.ActiveCfg = Release|Any CPU
		{77552E22-BBC6-49B1-8995-9B3B8FB02296}.PCL|ARM.Build.0 = Release|Any CPU
		{77552E22-BBC6-49B1-8995-9B3B8FB02296}.PCL|iPhone.ActiveCfg = Release|Any CPU
		{77552E22-BBC6-49B1-8995-9B3B8FB02296}.PCL|iPhone.Build.0 = Release|Any CPU
		{77552E22-BBC6-49B1-8995-9B3B8FB02296}.PCL|iPhoneSimulator.ActiveCfg = Release|Any CPU
		{77552E22-BBC6-49B1-8995-9B3B8FB02296}.PCL|iPhoneSimulator.Build.0 = Release|Any CPU
		{77552E22-BBC6-49B1-8995-9B3B8FB02296}.PCL|x64.ActiveCfg = Release|Any CPU
		{77552E22-BBC6-49B1-8995-9B3B8FB02296}.PCL|x64.Build.0 = Release|Any CPU
		{77552E22-BBC6-49B1-8995-9B3B8FB02296}.PCL|x86.ActiveCfg = Release|Any CPU
		{77552E22-BBC6-49B1-8995-9B3B8FB02296}.PCL|x86.Build.0 = Release|Any CPU
		{77552E22-BBC6-49B1-8995-9B3B8FB02296}.Release|Any CPU.ActiveCfg = Release|Any CPU
		{77552E22-BBC6-49B1-8995-9B3B8FB02296}.Release|Any CPU.Build.0 = Release|Any CPU
		{77552E22-BBC6-49B1-8995-9B3B8FB02296}.Release|ARM.ActiveCfg = Release|Any CPU
		{77552E22-BBC6-49B1-8995-9B3B8FB02296}.Release|ARM.Build.0 = Release|Any CPU
		{77552E22-BBC6-49B1-8995-9B3B8FB02296}.Release|iPhone.ActiveCfg = Release|Any CPU
		{77552E22-BBC6-49B1-8995-9B3B8FB02296}.Release|iPhone.Build.0 = Release|Any CPU
		{77552E22-BBC6-49B1-8995-9B3B8FB02296}.Release|iPhoneSimulator.ActiveCfg = Release|Any CPU
		{77552E22-BBC6-49B1-8995-9B3B8FB02296}.Release|iPhoneSimulator.Build.0 = Release|Any CPU
		{77552E22-BBC6-49B1-8995-9B3B8FB02296}.Release|x64.ActiveCfg = Release|Any CPU
		{77552E22-BBC6-49B1-8995-9B3B8FB02296}.Release|x64.Build.0 = Release|Any CPU
		{77552E22-BBC6-49B1-8995-9B3B8FB02296}.Release|x86.ActiveCfg = Release|Any CPU
		{77552E22-BBC6-49B1-8995-9B3B8FB02296}.Release|x86.Build.0 = Release|Any CPU
		{FFA4AB0B-44E2-4962-BEB7-0920460D976C}.Ad-Hoc|Any CPU.ActiveCfg = Debug|Any CPU
		{FFA4AB0B-44E2-4962-BEB7-0920460D976C}.Ad-Hoc|Any CPU.Build.0 = Debug|Any CPU
		{FFA4AB0B-44E2-4962-BEB7-0920460D976C}.Ad-Hoc|ARM.ActiveCfg = Debug|Any CPU
		{FFA4AB0B-44E2-4962-BEB7-0920460D976C}.Ad-Hoc|ARM.Build.0 = Debug|Any CPU
		{FFA4AB0B-44E2-4962-BEB7-0920460D976C}.Ad-Hoc|iPhone.ActiveCfg = Debug|Any CPU
		{FFA4AB0B-44E2-4962-BEB7-0920460D976C}.Ad-Hoc|iPhone.Build.0 = Debug|Any CPU
		{FFA4AB0B-44E2-4962-BEB7-0920460D976C}.Ad-Hoc|iPhoneSimulator.ActiveCfg = Debug|Any CPU
		{FFA4AB0B-44E2-4962-BEB7-0920460D976C}.Ad-Hoc|iPhoneSimulator.Build.0 = Debug|Any CPU
		{FFA4AB0B-44E2-4962-BEB7-0920460D976C}.Ad-Hoc|x64.ActiveCfg = Debug|Any CPU
		{FFA4AB0B-44E2-4962-BEB7-0920460D976C}.Ad-Hoc|x64.Build.0 = Debug|Any CPU
		{FFA4AB0B-44E2-4962-BEB7-0920460D976C}.Ad-Hoc|x86.ActiveCfg = Debug|Any CPU
		{FFA4AB0B-44E2-4962-BEB7-0920460D976C}.Ad-Hoc|x86.Build.0 = Debug|Any CPU
		{FFA4AB0B-44E2-4962-BEB7-0920460D976C}.AppStore|Any CPU.ActiveCfg = Debug|Any CPU
		{FFA4AB0B-44E2-4962-BEB7-0920460D976C}.AppStore|Any CPU.Build.0 = Debug|Any CPU
		{FFA4AB0B-44E2-4962-BEB7-0920460D976C}.AppStore|ARM.ActiveCfg = Debug|Any CPU
		{FFA4AB0B-44E2-4962-BEB7-0920460D976C}.AppStore|ARM.Build.0 = Debug|Any CPU
		{FFA4AB0B-44E2-4962-BEB7-0920460D976C}.AppStore|iPhone.ActiveCfg = Debug|Any CPU
		{FFA4AB0B-44E2-4962-BEB7-0920460D976C}.AppStore|iPhone.Build.0 = Debug|Any CPU
		{FFA4AB0B-44E2-4962-BEB7-0920460D976C}.AppStore|iPhoneSimulator.ActiveCfg = Debug|Any CPU
		{FFA4AB0B-44E2-4962-BEB7-0920460D976C}.AppStore|iPhoneSimulator.Build.0 = Debug|Any CPU
		{FFA4AB0B-44E2-4962-BEB7-0920460D976C}.AppStore|x64.ActiveCfg = Debug|Any CPU
		{FFA4AB0B-44E2-4962-BEB7-0920460D976C}.AppStore|x64.Build.0 = Debug|Any CPU
		{FFA4AB0B-44E2-4962-BEB7-0920460D976C}.AppStore|x86.ActiveCfg = Debug|Any CPU
		{FFA4AB0B-44E2-4962-BEB7-0920460D976C}.AppStore|x86.Build.0 = Debug|Any CPU
		{FFA4AB0B-44E2-4962-BEB7-0920460D976C}.Debug|Any CPU.ActiveCfg = Debug|Any CPU
		{FFA4AB0B-44E2-4962-BEB7-0920460D976C}.Debug|Any CPU.Build.0 = Debug|Any CPU
		{FFA4AB0B-44E2-4962-BEB7-0920460D976C}.Debug|ARM.ActiveCfg = Debug|Any CPU
		{FFA4AB0B-44E2-4962-BEB7-0920460D976C}.Debug|ARM.Build.0 = Debug|Any CPU
		{FFA4AB0B-44E2-4962-BEB7-0920460D976C}.Debug|iPhone.ActiveCfg = Debug|Any CPU
		{FFA4AB0B-44E2-4962-BEB7-0920460D976C}.Debug|iPhone.Build.0 = Debug|Any CPU
		{FFA4AB0B-44E2-4962-BEB7-0920460D976C}.Debug|iPhoneSimulator.ActiveCfg = Debug|Any CPU
		{FFA4AB0B-44E2-4962-BEB7-0920460D976C}.Debug|iPhoneSimulator.Build.0 = Debug|Any CPU
		{FFA4AB0B-44E2-4962-BEB7-0920460D976C}.Debug|x64.ActiveCfg = Debug|Any CPU
		{FFA4AB0B-44E2-4962-BEB7-0920460D976C}.Debug|x64.Build.0 = Debug|Any CPU
		{FFA4AB0B-44E2-4962-BEB7-0920460D976C}.Debug|x86.ActiveCfg = Debug|Any CPU
		{FFA4AB0B-44E2-4962-BEB7-0920460D976C}.Debug|x86.Build.0 = Debug|Any CPU
		{FFA4AB0B-44E2-4962-BEB7-0920460D976C}.PCL|Any CPU.ActiveCfg = Release|Any CPU
		{FFA4AB0B-44E2-4962-BEB7-0920460D976C}.PCL|ARM.ActiveCfg = Release|Any CPU
		{FFA4AB0B-44E2-4962-BEB7-0920460D976C}.PCL|ARM.Build.0 = Release|Any CPU
		{FFA4AB0B-44E2-4962-BEB7-0920460D976C}.PCL|iPhone.ActiveCfg = Release|Any CPU
		{FFA4AB0B-44E2-4962-BEB7-0920460D976C}.PCL|iPhone.Build.0 = Release|Any CPU
		{FFA4AB0B-44E2-4962-BEB7-0920460D976C}.PCL|iPhoneSimulator.ActiveCfg = Release|Any CPU
		{FFA4AB0B-44E2-4962-BEB7-0920460D976C}.PCL|iPhoneSimulator.Build.0 = Release|Any CPU
		{FFA4AB0B-44E2-4962-BEB7-0920460D976C}.PCL|x64.ActiveCfg = Release|Any CPU
		{FFA4AB0B-44E2-4962-BEB7-0920460D976C}.PCL|x64.Build.0 = Release|Any CPU
		{FFA4AB0B-44E2-4962-BEB7-0920460D976C}.PCL|x86.ActiveCfg = Release|Any CPU
		{FFA4AB0B-44E2-4962-BEB7-0920460D976C}.PCL|x86.Build.0 = Release|Any CPU
		{FFA4AB0B-44E2-4962-BEB7-0920460D976C}.Release|Any CPU.ActiveCfg = Release|Any CPU
		{FFA4AB0B-44E2-4962-BEB7-0920460D976C}.Release|Any CPU.Build.0 = Release|Any CPU
		{FFA4AB0B-44E2-4962-BEB7-0920460D976C}.Release|ARM.ActiveCfg = Release|Any CPU
		{FFA4AB0B-44E2-4962-BEB7-0920460D976C}.Release|ARM.Build.0 = Release|Any CPU
		{FFA4AB0B-44E2-4962-BEB7-0920460D976C}.Release|iPhone.ActiveCfg = Release|Any CPU
		{FFA4AB0B-44E2-4962-BEB7-0920460D976C}.Release|iPhone.Build.0 = Release|Any CPU
		{FFA4AB0B-44E2-4962-BEB7-0920460D976C}.Release|iPhoneSimulator.ActiveCfg = Release|Any CPU
		{FFA4AB0B-44E2-4962-BEB7-0920460D976C}.Release|iPhoneSimulator.Build.0 = Release|Any CPU
		{FFA4AB0B-44E2-4962-BEB7-0920460D976C}.Release|x64.ActiveCfg = Release|Any CPU
		{FFA4AB0B-44E2-4962-BEB7-0920460D976C}.Release|x64.Build.0 = Release|Any CPU
		{FFA4AB0B-44E2-4962-BEB7-0920460D976C}.Release|x86.ActiveCfg = Release|Any CPU
		{FFA4AB0B-44E2-4962-BEB7-0920460D976C}.Release|x86.Build.0 = Release|Any CPU
		{2CEEEEF6-5BAD-4468-9732-9D387417D253}.Ad-Hoc|Any CPU.ActiveCfg = Debug|Any CPU
		{2CEEEEF6-5BAD-4468-9732-9D387417D253}.Ad-Hoc|Any CPU.Build.0 = Debug|Any CPU
		{2CEEEEF6-5BAD-4468-9732-9D387417D253}.Ad-Hoc|ARM.ActiveCfg = Debug|Any CPU
		{2CEEEEF6-5BAD-4468-9732-9D387417D253}.Ad-Hoc|ARM.Build.0 = Debug|Any CPU
		{2CEEEEF6-5BAD-4468-9732-9D387417D253}.Ad-Hoc|iPhone.ActiveCfg = Debug|Any CPU
		{2CEEEEF6-5BAD-4468-9732-9D387417D253}.Ad-Hoc|iPhone.Build.0 = Debug|Any CPU
		{2CEEEEF6-5BAD-4468-9732-9D387417D253}.Ad-Hoc|iPhoneSimulator.ActiveCfg = Debug|Any CPU
		{2CEEEEF6-5BAD-4468-9732-9D387417D253}.Ad-Hoc|iPhoneSimulator.Build.0 = Debug|Any CPU
		{2CEEEEF6-5BAD-4468-9732-9D387417D253}.Ad-Hoc|x64.ActiveCfg = Debug|Any CPU
		{2CEEEEF6-5BAD-4468-9732-9D387417D253}.Ad-Hoc|x64.Build.0 = Debug|Any CPU
		{2CEEEEF6-5BAD-4468-9732-9D387417D253}.Ad-Hoc|x86.ActiveCfg = Debug|Any CPU
		{2CEEEEF6-5BAD-4468-9732-9D387417D253}.Ad-Hoc|x86.Build.0 = Debug|Any CPU
		{2CEEEEF6-5BAD-4468-9732-9D387417D253}.AppStore|Any CPU.ActiveCfg = Debug|Any CPU
		{2CEEEEF6-5BAD-4468-9732-9D387417D253}.AppStore|Any CPU.Build.0 = Debug|Any CPU
		{2CEEEEF6-5BAD-4468-9732-9D387417D253}.AppStore|ARM.ActiveCfg = Debug|Any CPU
		{2CEEEEF6-5BAD-4468-9732-9D387417D253}.AppStore|ARM.Build.0 = Debug|Any CPU
		{2CEEEEF6-5BAD-4468-9732-9D387417D253}.AppStore|iPhone.ActiveCfg = Debug|Any CPU
		{2CEEEEF6-5BAD-4468-9732-9D387417D253}.AppStore|iPhone.Build.0 = Debug|Any CPU
		{2CEEEEF6-5BAD-4468-9732-9D387417D253}.AppStore|iPhoneSimulator.ActiveCfg = Debug|Any CPU
		{2CEEEEF6-5BAD-4468-9732-9D387417D253}.AppStore|iPhoneSimulator.Build.0 = Debug|Any CPU
		{2CEEEEF6-5BAD-4468-9732-9D387417D253}.AppStore|x64.ActiveCfg = Debug|Any CPU
		{2CEEEEF6-5BAD-4468-9732-9D387417D253}.AppStore|x64.Build.0 = Debug|Any CPU
		{2CEEEEF6-5BAD-4468-9732-9D387417D253}.AppStore|x86.ActiveCfg = Debug|Any CPU
		{2CEEEEF6-5BAD-4468-9732-9D387417D253}.AppStore|x86.Build.0 = Debug|Any CPU
		{2CEEEEF6-5BAD-4468-9732-9D387417D253}.Debug|Any CPU.ActiveCfg = Debug|Any CPU
		{2CEEEEF6-5BAD-4468-9732-9D387417D253}.Debug|Any CPU.Build.0 = Debug|Any CPU
		{2CEEEEF6-5BAD-4468-9732-9D387417D253}.Debug|ARM.ActiveCfg = Debug|Any CPU
		{2CEEEEF6-5BAD-4468-9732-9D387417D253}.Debug|ARM.Build.0 = Debug|Any CPU
		{2CEEEEF6-5BAD-4468-9732-9D387417D253}.Debug|iPhone.ActiveCfg = Debug|Any CPU
		{2CEEEEF6-5BAD-4468-9732-9D387417D253}.Debug|iPhone.Build.0 = Debug|Any CPU
		{2CEEEEF6-5BAD-4468-9732-9D387417D253}.Debug|iPhoneSimulator.ActiveCfg = Debug|Any CPU
		{2CEEEEF6-5BAD-4468-9732-9D387417D253}.Debug|iPhoneSimulator.Build.0 = Debug|Any CPU
		{2CEEEEF6-5BAD-4468-9732-9D387417D253}.Debug|x64.ActiveCfg = Debug|Any CPU
		{2CEEEEF6-5BAD-4468-9732-9D387417D253}.Debug|x64.Build.0 = Debug|Any CPU
		{2CEEEEF6-5BAD-4468-9732-9D387417D253}.Debug|x86.ActiveCfg = Debug|Any CPU
		{2CEEEEF6-5BAD-4468-9732-9D387417D253}.Debug|x86.Build.0 = Debug|Any CPU
		{2CEEEEF6-5BAD-4468-9732-9D387417D253}.PCL|Any CPU.ActiveCfg = Release|Any CPU
		{2CEEEEF6-5BAD-4468-9732-9D387417D253}.PCL|ARM.ActiveCfg = Release|Any CPU
		{2CEEEEF6-5BAD-4468-9732-9D387417D253}.PCL|ARM.Build.0 = Release|Any CPU
		{2CEEEEF6-5BAD-4468-9732-9D387417D253}.PCL|iPhone.ActiveCfg = Release|Any CPU
		{2CEEEEF6-5BAD-4468-9732-9D387417D253}.PCL|iPhone.Build.0 = Release|Any CPU
		{2CEEEEF6-5BAD-4468-9732-9D387417D253}.PCL|iPhoneSimulator.ActiveCfg = Release|Any CPU
		{2CEEEEF6-5BAD-4468-9732-9D387417D253}.PCL|iPhoneSimulator.Build.0 = Release|Any CPU
		{2CEEEEF6-5BAD-4468-9732-9D387417D253}.PCL|x64.ActiveCfg = Release|Any CPU
		{2CEEEEF6-5BAD-4468-9732-9D387417D253}.PCL|x64.Build.0 = Release|Any CPU
		{2CEEEEF6-5BAD-4468-9732-9D387417D253}.PCL|x86.ActiveCfg = Release|Any CPU
		{2CEEEEF6-5BAD-4468-9732-9D387417D253}.PCL|x86.Build.0 = Release|Any CPU
		{2CEEEEF6-5BAD-4468-9732-9D387417D253}.Release|Any CPU.ActiveCfg = Release|Any CPU
		{2CEEEEF6-5BAD-4468-9732-9D387417D253}.Release|Any CPU.Build.0 = Release|Any CPU
		{2CEEEEF6-5BAD-4468-9732-9D387417D253}.Release|ARM.ActiveCfg = Release|Any CPU
		{2CEEEEF6-5BAD-4468-9732-9D387417D253}.Release|ARM.Build.0 = Release|Any CPU
		{2CEEEEF6-5BAD-4468-9732-9D387417D253}.Release|iPhone.ActiveCfg = Release|Any CPU
		{2CEEEEF6-5BAD-4468-9732-9D387417D253}.Release|iPhone.Build.0 = Release|Any CPU
		{2CEEEEF6-5BAD-4468-9732-9D387417D253}.Release|iPhoneSimulator.ActiveCfg = Release|Any CPU
		{2CEEEEF6-5BAD-4468-9732-9D387417D253}.Release|iPhoneSimulator.Build.0 = Release|Any CPU
		{2CEEEEF6-5BAD-4468-9732-9D387417D253}.Release|x64.ActiveCfg = Release|Any CPU
		{2CEEEEF6-5BAD-4468-9732-9D387417D253}.Release|x64.Build.0 = Release|Any CPU
		{2CEEEEF6-5BAD-4468-9732-9D387417D253}.Release|x86.ActiveCfg = Release|Any CPU
		{2CEEEEF6-5BAD-4468-9732-9D387417D253}.Release|x86.Build.0 = Release|Any CPU
		{526E5877-8476-4813-B6E2-281DE87B948E}.Ad-Hoc|Any CPU.ActiveCfg = Debug|Any CPU
		{526E5877-8476-4813-B6E2-281DE87B948E}.Ad-Hoc|Any CPU.Build.0 = Debug|Any CPU
		{526E5877-8476-4813-B6E2-281DE87B948E}.Ad-Hoc|ARM.ActiveCfg = Debug|Any CPU
		{526E5877-8476-4813-B6E2-281DE87B948E}.Ad-Hoc|ARM.Build.0 = Debug|Any CPU
		{526E5877-8476-4813-B6E2-281DE87B948E}.Ad-Hoc|iPhone.ActiveCfg = Debug|Any CPU
		{526E5877-8476-4813-B6E2-281DE87B948E}.Ad-Hoc|iPhone.Build.0 = Debug|Any CPU
		{526E5877-8476-4813-B6E2-281DE87B948E}.Ad-Hoc|iPhoneSimulator.ActiveCfg = Debug|Any CPU
		{526E5877-8476-4813-B6E2-281DE87B948E}.Ad-Hoc|iPhoneSimulator.Build.0 = Debug|Any CPU
		{526E5877-8476-4813-B6E2-281DE87B948E}.Ad-Hoc|x64.ActiveCfg = Debug|Any CPU
		{526E5877-8476-4813-B6E2-281DE87B948E}.Ad-Hoc|x64.Build.0 = Debug|Any CPU
		{526E5877-8476-4813-B6E2-281DE87B948E}.Ad-Hoc|x86.ActiveCfg = Debug|Any CPU
		{526E5877-8476-4813-B6E2-281DE87B948E}.Ad-Hoc|x86.Build.0 = Debug|Any CPU
		{526E5877-8476-4813-B6E2-281DE87B948E}.AppStore|Any CPU.ActiveCfg = Debug|Any CPU
		{526E5877-8476-4813-B6E2-281DE87B948E}.AppStore|Any CPU.Build.0 = Debug|Any CPU
		{526E5877-8476-4813-B6E2-281DE87B948E}.AppStore|ARM.ActiveCfg = Debug|Any CPU
		{526E5877-8476-4813-B6E2-281DE87B948E}.AppStore|ARM.Build.0 = Debug|Any CPU
		{526E5877-8476-4813-B6E2-281DE87B948E}.AppStore|iPhone.ActiveCfg = Debug|Any CPU
		{526E5877-8476-4813-B6E2-281DE87B948E}.AppStore|iPhone.Build.0 = Debug|Any CPU
		{526E5877-8476-4813-B6E2-281DE87B948E}.AppStore|iPhoneSimulator.ActiveCfg = Debug|Any CPU
		{526E5877-8476-4813-B6E2-281DE87B948E}.AppStore|iPhoneSimulator.Build.0 = Debug|Any CPU
		{526E5877-8476-4813-B6E2-281DE87B948E}.AppStore|x64.ActiveCfg = Debug|Any CPU
		{526E5877-8476-4813-B6E2-281DE87B948E}.AppStore|x64.Build.0 = Debug|Any CPU
		{526E5877-8476-4813-B6E2-281DE87B948E}.AppStore|x86.ActiveCfg = Debug|Any CPU
		{526E5877-8476-4813-B6E2-281DE87B948E}.AppStore|x86.Build.0 = Debug|Any CPU
		{526E5877-8476-4813-B6E2-281DE87B948E}.Debug|Any CPU.ActiveCfg = Debug|Any CPU
		{526E5877-8476-4813-B6E2-281DE87B948E}.Debug|Any CPU.Build.0 = Debug|Any CPU
		{526E5877-8476-4813-B6E2-281DE87B948E}.Debug|ARM.ActiveCfg = Debug|Any CPU
		{526E5877-8476-4813-B6E2-281DE87B948E}.Debug|ARM.Build.0 = Debug|Any CPU
		{526E5877-8476-4813-B6E2-281DE87B948E}.Debug|iPhone.ActiveCfg = Debug|Any CPU
		{526E5877-8476-4813-B6E2-281DE87B948E}.Debug|iPhone.Build.0 = Debug|Any CPU
		{526E5877-8476-4813-B6E2-281DE87B948E}.Debug|iPhoneSimulator.ActiveCfg = Debug|Any CPU
		{526E5877-8476-4813-B6E2-281DE87B948E}.Debug|iPhoneSimulator.Build.0 = Debug|Any CPU
		{526E5877-8476-4813-B6E2-281DE87B948E}.Debug|x64.ActiveCfg = Debug|Any CPU
		{526E5877-8476-4813-B6E2-281DE87B948E}.Debug|x64.Build.0 = Debug|Any CPU
		{526E5877-8476-4813-B6E2-281DE87B948E}.Debug|x86.ActiveCfg = Debug|Any CPU
		{526E5877-8476-4813-B6E2-281DE87B948E}.Debug|x86.Build.0 = Debug|Any CPU
		{526E5877-8476-4813-B6E2-281DE87B948E}.PCL|Any CPU.ActiveCfg = Debug|Any CPU
		{526E5877-8476-4813-B6E2-281DE87B948E}.PCL|Any CPU.Build.0 = Debug|Any CPU
		{526E5877-8476-4813-B6E2-281DE87B948E}.PCL|ARM.ActiveCfg = Debug|Any CPU
		{526E5877-8476-4813-B6E2-281DE87B948E}.PCL|ARM.Build.0 = Debug|Any CPU
		{526E5877-8476-4813-B6E2-281DE87B948E}.PCL|iPhone.ActiveCfg = Debug|Any CPU
		{526E5877-8476-4813-B6E2-281DE87B948E}.PCL|iPhone.Build.0 = Debug|Any CPU
		{526E5877-8476-4813-B6E2-281DE87B948E}.PCL|iPhoneSimulator.ActiveCfg = Debug|Any CPU
		{526E5877-8476-4813-B6E2-281DE87B948E}.PCL|iPhoneSimulator.Build.0 = Debug|Any CPU
		{526E5877-8476-4813-B6E2-281DE87B948E}.PCL|x64.ActiveCfg = Debug|Any CPU
		{526E5877-8476-4813-B6E2-281DE87B948E}.PCL|x64.Build.0 = Debug|Any CPU
		{526E5877-8476-4813-B6E2-281DE87B948E}.PCL|x86.ActiveCfg = Debug|Any CPU
		{526E5877-8476-4813-B6E2-281DE87B948E}.PCL|x86.Build.0 = Debug|Any CPU
		{526E5877-8476-4813-B6E2-281DE87B948E}.Release|Any CPU.ActiveCfg = Release|Any CPU
		{526E5877-8476-4813-B6E2-281DE87B948E}.Release|Any CPU.Build.0 = Release|Any CPU
		{526E5877-8476-4813-B6E2-281DE87B948E}.Release|ARM.ActiveCfg = Release|Any CPU
		{526E5877-8476-4813-B6E2-281DE87B948E}.Release|ARM.Build.0 = Release|Any CPU
		{526E5877-8476-4813-B6E2-281DE87B948E}.Release|iPhone.ActiveCfg = Release|Any CPU
		{526E5877-8476-4813-B6E2-281DE87B948E}.Release|iPhone.Build.0 = Release|Any CPU
		{526E5877-8476-4813-B6E2-281DE87B948E}.Release|iPhoneSimulator.ActiveCfg = Release|Any CPU
		{526E5877-8476-4813-B6E2-281DE87B948E}.Release|iPhoneSimulator.Build.0 = Release|Any CPU
		{526E5877-8476-4813-B6E2-281DE87B948E}.Release|x64.ActiveCfg = Release|Any CPU
		{526E5877-8476-4813-B6E2-281DE87B948E}.Release|x64.Build.0 = Release|Any CPU
		{526E5877-8476-4813-B6E2-281DE87B948E}.Release|x86.ActiveCfg = Release|Any CPU
		{526E5877-8476-4813-B6E2-281DE87B948E}.Release|x86.Build.0 = Release|Any CPU
	EndGlobalSection
	GlobalSection(SolutionProperties) = preSolution
		HideSolutionNode = FALSE
	EndGlobalSection
EndGlobal
